<?xml version="1.0" encoding="utf-8"?>
<Project ToolsVersion="4.0" xmlns="http://schemas.microsoft.com/developer/msbuild/2003">
  <ItemGroup>
    <Filter Include="Source Files">
      <UniqueIdentifier>{037AD051-B548-444E-B200-64DBF8CC6417}</UniqueIdentifier>
    </Filter>
    <Filter Include="Header Files">
      <UniqueIdentifier>{6C9EDABC-4238-4586-9E08-76C2D8DE6E90}</UniqueIdentifier>
    </Filter>
  </ItemGroup>
  <ItemGroup>
    <ClCompile Include="src\OgreOverlayContainer.cpp">
      <Filter>Source Files</Filter>
    </ClCompile>
    <ClCompile Include="src\OgreOverlayElement.cpp">
      <Filter>Source Files</Filter>
    </ClCompile>
    <ClCompile Include="src\OgreOverlayElementCommands.cpp">
      <Filter>Source Files</Filter>
    </ClCompile>
    <ClCompile Include="src\OgreOverlayElementFactory.cpp">
      <Filter>Source Files</Filter>
    </ClCompile>
    <ClCompile Include="src\OgreOverlayManager.cpp">
      <Filter>Source Files</Filter>
    </ClCompile>
    <ClCompile Include="src\OgreOverlayProfileSessionListener.cpp">
      <Filter>Source Files</Filter>
    </ClCompile>
    <ClCompile Include="src\OgreOverlaySystem.cpp">
      <Filter>Source Files</Filter>
    </ClCompile>
    <ClCompile Include="src\OgrePanelOverlayElement.cpp">
      <Filter>Source Files</Filter>
    </ClCompile>
    <ClCompile Include="src\OgreTextAreaOverlayElement.cpp">
      <Filter>Source Files</Filter>
    </ClCompile>
    <ClCompile Include="src\OgreBorderPanelOverlayElement.cpp">
      <Filter>Source Files</Filter>
    </ClCompile>
    <ClCompile Include="src\OgreFont.cpp">
      <Filter>Source Files</Filter>
    </ClCompile>
    <ClCompile Include="src\OgreFontManager.cpp">
      <Filter>Source Files</Filter>
    </ClCompile>
    <ClCompile Include="src\OgreOverlay.cpp">
      <Filter>Source Files</Filter>
    </ClCompile>
  </ItemGroup>
  <ItemGroup>
    <ClInclude Include="include\OgreOverlayElementFactory.h">
      <Filter>Header Files</Filter>
    </ClInclude>
    <ClInclude Include="include\OgreOverlayManager.h">
      <Filter>Header Files</Filter>
    </ClInclude>
    <ClInclude Include="include\OgreOverlayPrerequisites.h">
      <Filter>Header Files</Filter>
    </ClInclude>
    <ClInclude Include="include\OgreOverlayProfileSessionListener.h">
      <Filter>Header Files</Filter>
    </ClInclude>
    <ClInclude Include="include\OgreOverlaySystem.h">
      <Filter>Header Files</Filter>
    </ClInclude>
    <ClInclude Include="include\OgrePanelOverlayElement.h">
      <Filter>Header Files</Filter>
    </ClInclude>
    <ClInclude Include="include\OgreTextAreaOverlayElement.h">
      <Filter>Header Files</Filter>
    </ClInclude>
    <ClInclude Include="include\OgreBorderPanelOverlayElement.h">
      <Filter>Header Files</Filter>
    </ClInclude>
    <ClInclude Include="include\OgreFont.h">
      <Filter>Header Files</Filter>
    </ClInclude>
    <ClInclude Include="include\OgreFontManager.h">
      <Filter>Header Files</Filter>
    </ClInclude>
    <ClInclude Include="include\OgreOverlay.h">
      <Filter>Header Files</Filter>
    </ClInclude>
    <ClInclude Include="include\OgreOverlayContainer.h">
      <Filter>Header Files</Filter>
    </ClInclude>
    <ClInclude Include="include\OgreOverlayElement.h">
      <Filter>Header Files</Filter>
    </ClInclude>
    <ClInclude Include="include\OgreOverlayElementCommands.h">
      <Filter>Header Files</Filter>
    </ClInclude>
  </ItemGroup>
</Project>