Microsoft Visual Studio Solution File, Format Version 11.00
# Visual Studio 2010
Project("{8BC9CEB8-8B4A-11D0-8D11-00A0C91BC942}") = "OgreMain", "OgreMain\OgreMain.vcxproj", "{06B0857D-46D1-4FBD-B252-03FD1C057906}"
EndProject
Project("{8BC9CEB8-8B4A-11D0-8D11-00A0C91BC942}") = "OgreMeshLodGenerator", "Components\MeshLodGenerator\OgreMeshLodGenerator.vcxproj", "{2A595CBD-8A96-4C39-B17B-31F36538CF88}"
	ProjectSection(ProjectDependencies) = postProject
		{06B0857D-46D1-4FBD-B252-03FD1C057906} = {06B0857D-46D1-4FBD-B252-03FD1C057906}
	EndProjectSection
EndProject
Project("{8BC9CEB8-8B4A-11D0-8D11-00A0C91BC942}") = "OgreOverlay", "Components\Overlay\OgreOverlay.vcxproj", "{5BC57D00-0F23-458C-BD28-99C17A6B9F11}"
	ProjectSection(ProjectDependencies) = postProject
		{06B0857D-46D1-4FBD-B252-03FD1C057906} = {06B0857D-46D1-4FBD-B252-03FD1C057906}
	EndProjectSection
EndProject
Project("{8BC9CEB8-8B4A-11D0-8D11-00A0C91BC942}") = "OgrePaging", "Components\Paging\OgrePaging.vcxproj", "{800AE043-758A-444B-9F7C-52E880B74543}"
	ProjectSection(ProjectDependencies) = postProject
		{06B0857D-46D1-4FBD-B252-03FD1C057906} = {06B0857D-46D1-4FBD-B252-03FD1C057906}
	EndProjectSection
EndProject
Project("{8BC9CEB8-8B4A-11D0-8D11-00A0C91BC942}") = "OgreProperty", "Components\Property\OgreProperty.vcxproj", "{25DDE572-1659-4A20-804D-316606065104}"
	ProjectSection(ProjectDependencies) = postProject
		{06B0857D-46D1-4FBD-B252-03FD1C057906} = {06B0857D-46D1-4FBD-B252-03FD1C057906}
	EndProjectSection
EndProject
Project("{8BC9CEB8-8B4A-11D0-8D11-00A0C91BC942}") = "OgreRTShaderSystem", "Components\RTShaderSystem\OgreRTShaderSystem.vcxproj", "{996EA532-09E5-4BF8-A5E0-72D10802CCC4}"
	ProjectSection(ProjectDependencies) = postProject
		{06B0857D-46D1-4FBD-B252-03FD1C057906} = {06B0857D-46D1-4FBD-B252-03FD1C057906}
	EndProjectSection
EndProject
Project("{8BC9CEB8-8B4A-11D0-8D11-00A0C91BC942}") = "OgreTerrain", "Components\Terrain\OgreTerrain.vcxproj", "{2CB31EF5-7082-4F3F-8BB5-0848EDA267C7}"
	ProjectSection(ProjectDependencies) = postProject
		{800AE043-758A-444B-9F7C-52E880B74543} = {800AE043-758A-444B-9F7C-52E880B74543}
		{06B0857D-46D1-4FBD-B252-03FD1C057906} = {06B0857D-46D1-4FBD-B252-03FD1C057906}
	EndProjectSection
EndProject
Project("{8BC9CEB8-8B4A-11D0-8D11-00A0C91BC942}") = "OgreVolume", "Components\Volume\OgreVolume.vcxproj", "{8E7CD6F5-6B6D-49E6-9284-B328A79C2F54}"
	ProjectSection(ProjectDependencies) = postProject
		{06B0857D-46D1-4FBD-B252-03FD1C057906} = {06B0857D-46D1-4FBD-B252-03FD1C057906}
	EndProjectSection
EndProject
Project("{8BC9CEB8-8B4A-11D0-8D11-00A0C91BC942}") = "Plugin_BSPSceneManager", "PlugIns\BSPSceneManager\Plugin_BSPSceneManager.vcxproj", "{DCAD8BA3-9354-4FA8-B3FC-4CABDE05F5BB}"
	ProjectSection(ProjectDependencies) = postProject
		{06B0857D-46D1-4FBD-B252-03FD1C057906} = {06B0857D-46D1-4FBD-B252-03FD1C057906}
	EndProjectSection
EndProject
Project("{8BC9CEB8-8B4A-11D0-8D11-00A0C91BC942}") = "Plugin_CgProgramManager", "PlugIns\CgProgramManager\Plugin_CgProgramManager.vcxproj", "{2AC2A826-C7C2-40B6-B4EA-2468FECD4433}"
	ProjectSection(ProjectDependencies) = postProject
		{06B0857D-46D1-4FBD-B252-03FD1C057906} = {06B0857D-46D1-4FBD-B252-03FD1C057906}
	EndProjectSection
EndProject
Project("{8BC9CEB8-8B4A-11D0-8D11-00A0C91BC942}") = "Plugin_OctreeSceneManager", "PlugIns\OctreeSceneManager\Plugin_OctreeSceneManager.vcxproj", "{86C47D40-12B1-4161-B5F6-922740347955}"
	ProjectSection(ProjectDependencies) = postProject
		{06B0857D-46D1-4FBD-B252-03FD1C057906} = {06B0857D-46D1-4FBD-B252-03FD1C057906}
	EndProjectSection
EndProject
Project("{8BC9CEB8-8B4A-11D0-8D11-00A0C91BC942}") = "Plugin_OctreeZone", "PlugIns\OctreeZone\Plugin_OctreeZone.vcxproj", "{9E44C3F1-1957-415E-BA15-B4D7F54B9D1C}"
	ProjectSection(ProjectDependencies) = postProject
		{06B0857D-46D1-4FBD-B252-03FD1C057906} = {06B0857D-46D1-4FBD-B252-03FD1C057906}
		{FBD3C983-741C-4994-8324-C9CA8FA0BBE6} = {FBD3C983-741C-4994-8324-C9CA8FA0BBE6}
	EndProjectSection
EndProject
Project("{8BC9CEB8-8B4A-11D0-8D11-00A0C91BC942}") = "Plugin_PCZSceneManager", "PlugIns\PCZSceneManager\Plugin_PCZSceneManager.vcxproj", "{FBD3C983-741C-4994-8324-C9CA8FA0BBE6}"
	ProjectSection(ProjectDependencies) = postProject
		{06B0857D-46D1-4FBD-B252-03FD1C057906} = {06B0857D-46D1-4FBD-B252-03FD1C057906}
	EndProjectSection
EndProject
Project("{8BC9CEB8-8B4A-11D0-8D11-00A0C91BC942}") = "Plugin_ParticleFX", "PlugIns\ParticleFX\Plugin_ParticleFX.vcxproj", "{F9C8E86C-FC46-48E0-BB89-FD941CF36CAC}"
	ProjectSection(ProjectDependencies) = postProject
		{06B0857D-46D1-4FBD-B252-03FD1C057906} = {06B0857D-46D1-4FBD-B252-03FD1C057906}
	EndProjectSection
EndProject
Project("{8BC9CEB8-8B4A-11D0-8D11-00A0C91BC942}") = "RenderSystem_Direct3D9", "RenderSystems\Direct3D9\RenderSystem_Direct3D9.vcxproj", "{B5E6FD6F-FFAD-4293-8B8A-AD4D590329D2}"
	ProjectSection(ProjectDependencies) = postProject
		{06B0857D-46D1-4FBD-B252-03FD1C057906} = {06B0857D-46D1-4FBD-B252-03FD1C057906}
	EndProjectSection
EndProject
Project("{8BC9CEB8-8B4A-11D0-8D11-00A0C91BC942}") = "MyGUIEngine", "MyGUIEngine\MyGUIEngine.vcxproj", "{1A3482DF-A3B7-4C9A-9108-CEDEED575F73}"
EndProject
Project("{8BC9CEB8-8B4A-11D0-8D11-00A0C91BC942}") = "MyGUI.OgrePlatform", "Platforms\Ogre\OgrePlatform\MyGUI.OgrePlatform.vcxproj", "{E34E44D7-DC24-4EAC-A139-1F2A6D56F2B3}"
EndProject
Project("{8BC9CEB8-8B4A-11D0-8D11-00A0C91BC942}") = "Common", "Common\Common.vcxproj", "{5AD73B9A-6124-4CC4-92B5-C71278107FA2}"
EndProject
Project("{8BC9CEB8-8B4A-11D0-8D11-00A0C91BC942}") = "MegaProjectNative", "MegaProjectNative\MegaProjectNative.vcxproj", "{597A921D-55BC-4444-865A-245BC57942AA}"
	ProjectSection(ProjectDependencies) = postProject
		{5BC57D00-0F23-458C-BD28-99C17A6B9F11} = {5BC57D00-0F23-458C-BD28-99C17A6B9F11}
		{B5E6FD6F-FFAD-4293-8B8A-AD4D590329D2} = {B5E6FD6F-FFAD-4293-8B8A-AD4D590329D2}
		{06B0857D-46D1-4FBD-B252-03FD1C057906} = {06B0857D-46D1-4FBD-B252-03FD1C057906}
		{5AD73B9A-6124-4CC4-92B5-C71278107FA2} = {5AD73B9A-6124-4CC4-92B5-C71278107FA2}
		{ACFC50B7-D384-4368-A0B1-6560CF3D8EC1} = {ACFC50B7-D384-4368-A0B1-6560CF3D8EC1}
		{FD5337D5-795E-44E7-BA08-FE2AAA2EBF85} = {FD5337D5-795E-44E7-BA08-FE2AAA2EBF85}
		{E34E44D7-DC24-4EAC-A139-1F2A6D56F2B3} = {E34E44D7-DC24-4EAC-A139-1F2A6D56F2B3}
		{1A3482DF-A3B7-4C9A-9108-CEDEED575F73} = {1A3482DF-A3B7-4C9A-9108-CEDEED575F73}
		{2CB31EF5-7082-4F3F-8BB5-0848EDA267C7} = {2CB31EF5-7082-4F3F-8BB5-0848EDA267C7}
	EndProjectSection
EndProject
Project("{8BC9CEB8-8B4A-11D0-8D11-00A0C91BC942}") = "Detour", "ThirdParty\Detour\Detour.vcxproj", "{ACFC50B7-D384-4368-A0B1-6560CF3D8EC1}"
EndProject
Project("{8BC9CEB8-8B4A-11D0-8D11-00A0C91BC942}") = "Recast", "ThirdParty\Recast\Recast.vcxproj", "{FD5337D5-795E-44E7-BA08-FE2AAA2EBF85}"
EndProject
Project("{2150E333-8FDC-42A3-9474-1A3956D46DE8}") = "OGRE", "OGRE", "{3A633B24-E140-456D-9B25-63F30513425B}"
EndProject
Project("{2150E333-8FDC-42A3-9474-1A3956D46DE8}") = "Plugins", "Plugins", "{5FBF9454-1BD0-4679-BE75-BDBDF6B165CD}"
EndProject
Project("{2150E333-8FDC-42A3-9474-1A3956D46DE8}") = "Render System", "Render System", "{B5E6BC81-A901-4EFA-8C2E-9B1DFAD300E4}"
EndProject
Project("{2150E333-8FDC-42A3-9474-1A3956D46DE8}") = "UI", "UI", "{8472B373-C43E-46B5-B3CD-2D6A48D5761E}"
EndProject
Project("{2150E333-8FDC-42A3-9474-1A3956D46DE8}") = "Components", "Components", "{4F60A9B0-9D28-4972-AC59-20E7D5C1D049}"
EndProject
Project("{2150E333-8FDC-42A3-9474-1A3956D46DE8}") = "PATH", "PATH", "{BFA87839-BA37-48E0-8F05-AF22196BF371}"
EndProject
Global
	GlobalSection(SolutionConfigurationPlatforms) = preSolution
		Debug|Win32 = Debug|Win32
		MinSizeRel|Win32 = MinSizeRel|Win32
		Release|Win32 = Release|Win32
		RelWithDebInfo|Win32 = RelWithDebInfo|Win32
	EndGlobalSection
	GlobalSection(ProjectConfigurationPlatforms) = postSolution
		{06B0857D-46D1-4FBD-B252-03FD1C057906}.Debug|Win32.ActiveCfg = Debug|Win32
		{06B0857D-46D1-4FBD-B252-03FD1C057906}.Debug|Win32.Build.0 = Debug|Win32
		{06B0857D-46D1-4FBD-B252-03FD1C057906}.MinSizeRel|Win32.ActiveCfg = MinSizeRel|Win32
		{06B0857D-46D1-4FBD-B252-03FD1C057906}.MinSizeRel|Win32.Build.0 = MinSizeRel|Win32
		{06B0857D-46D1-4FBD-B252-03FD1C057906}.Release|Win32.ActiveCfg = Release|Win32
		{06B0857D-46D1-4FBD-B252-03FD1C057906}.Release|Win32.Build.0 = Release|Win32
		{06B0857D-46D1-4FBD-B252-03FD1C057906}.RelWithDebInfo|Win32.ActiveCfg = RelWithDebInfo|Win32
		{06B0857D-46D1-4FBD-B252-03FD1C057906}.RelWithDebInfo|Win32.Build.0 = RelWithDebInfo|Win32
		{2A595CBD-8A96-4C39-B17B-31F36538CF88}.Debug|Win32.ActiveCfg = Debug|Win32
		{2A595CBD-8A96-4C39-B17B-31F36538CF88}.Debug|Win32.Build.0 = Debug|Win32
		{2A595CBD-8A96-4C39-B17B-31F36538CF88}.MinSizeRel|Win32.ActiveCfg = MinSizeRel|Win32
		{2A595CBD-8A96-4C39-B17B-31F36538CF88}.MinSizeRel|Win32.Build.0 = MinSizeRel|Win32
		{2A595CBD-8A96-4C39-B17B-31F36538CF88}.Release|Win32.ActiveCfg = Release|Win32
		{2A595CBD-8A96-4C39-B17B-31F36538CF88}.Release|Win32.Build.0 = Release|Win32
		{2A595CBD-8A96-4C39-B17B-31F36538CF88}.RelWithDebInfo|Win32.ActiveCfg = RelWithDebInfo|Win32
		{2A595CBD-8A96-4C39-B17B-31F36538CF88}.RelWithDebInfo|Win32.Build.0 = RelWithDebInfo|Win32
		{5BC57D00-0F23-458C-BD28-99C17A6B9F11}.Debug|Win32.ActiveCfg = Debug|Win32
		{5BC57D00-0F23-458C-BD28-99C17A6B9F11}.Debug|Win32.Build.0 = Debug|Win32
		{5BC57D00-0F23-458C-BD28-99C17A6B9F11}.MinSizeRel|Win32.ActiveCfg = MinSizeRel|Win32
		{5BC57D00-0F23-458C-BD28-99C17A6B9F11}.MinSizeRel|Win32.Build.0 = MinSizeRel|Win32
		{5BC57D00-0F23-458C-BD28-99C17A6B9F11}.Release|Win32.ActiveCfg = Release|Win32
		{5BC57D00-0F23-458C-BD28-99C17A6B9F11}.Release|Win32.Build.0 = Release|Win32
		{5BC57D00-0F23-458C-BD28-99C17A6B9F11}.RelWithDebInfo|Win32.ActiveCfg = RelWithDebInfo|Win32
		{5BC57D00-0F23-458C-BD28-99C17A6B9F11}.RelWithDebInfo|Win32.Build.0 = RelWithDebInfo|Win32
		{800AE043-758A-444B-9F7C-52E880B74543}.Debug|Win32.ActiveCfg = Debug|Win32
		{800AE043-758A-444B-9F7C-52E880B74543}.Debug|Win32.Build.0 = Debug|Win32
		{800AE043-758A-444B-9F7C-52E880B74543}.MinSizeRel|Win32.ActiveCfg = MinSizeRel|Win32
		{800AE043-758A-444B-9F7C-52E880B74543}.MinSizeRel|Win32.Build.0 = MinSizeRel|Win32
		{800AE043-758A-444B-9F7C-52E880B74543}.Release|Win32.ActiveCfg = Release|Win32
		{800AE043-758A-444B-9F7C-52E880B74543}.Release|Win32.Build.0 = Release|Win32
		{800AE043-758A-444B-9F7C-52E880B74543}.RelWithDebInfo|Win32.ActiveCfg = RelWithDebInfo|Win32
		{800AE043-758A-444B-9F7C-52E880B74543}.RelWithDebInfo|Win32.Build.0 = RelWithDebInfo|Win32
		{25DDE572-1659-4A20-804D-316606065104}.Debug|Win32.ActiveCfg = Debug|Win32
		{25DDE572-1659-4A20-804D-316606065104}.Debug|Win32.Build.0 = Debug|Win32
		{25DDE572-1659-4A20-804D-316606065104}.MinSizeRel|Win32.ActiveCfg = MinSizeRel|Win32
		{25DDE572-1659-4A20-804D-316606065104}.MinSizeRel|Win32.Build.0 = MinSizeRel|Win32
		{25DDE572-1659-4A20-804D-316606065104}.Release|Win32.ActiveCfg = Release|Win32
		{25DDE572-1659-4A20-804D-316606065104}.Release|Win32.Build.0 = Release|Win32
		{25DDE572-1659-4A20-804D-316606065104}.RelWithDebInfo|Win32.ActiveCfg = RelWithDebInfo|Win32
		{25DDE572-1659-4A20-804D-316606065104}.RelWithDebInfo|Win32.Build.0 = RelWithDebInfo|Win32
		{996EA532-09E5-4BF8-A5E0-72D10802CCC4}.Debug|Win32.ActiveCfg = Debug|Win32
		{996EA532-09E5-4BF8-A5E0-72D10802CCC4}.Debug|Win32.Build.0 = Debug|Win32
		{996EA532-09E5-4BF8-A5E0-72D10802CCC4}.MinSizeRel|Win32.ActiveCfg = MinSizeRel|Win32
		{996EA532-09E5-4BF8-A5E0-72D10802CCC4}.MinSizeRel|Win32.Build.0 = MinSizeRel|Win32
		{996EA532-09E5-4BF8-A5E0-72D10802CCC4}.Release|Win32.ActiveCfg = Release|Win32
		{996EA532-09E5-4BF8-A5E0-72D10802CCC4}.Release|Win32.Build.0 = Release|Win32
		{996EA532-09E5-4BF8-A5E0-72D10802CCC4}.RelWithDebInfo|Win32.ActiveCfg = RelWithDebInfo|Win32
		{996EA532-09E5-4BF8-A5E0-72D10802CCC4}.RelWithDebInfo|Win32.Build.0 = RelWithDebInfo|Win32
		{2CB31EF5-7082-4F3F-8BB5-0848EDA267C7}.Debug|Win32.ActiveCfg = Debug|Win32
		{2CB31EF5-7082-4F3F-8BB5-0848EDA267C7}.Debug|Win32.Build.0 = Debug|Win32
		{2CB31EF5-7082-4F3F-8BB5-0848EDA267C7}.MinSizeRel|Win32.ActiveCfg = MinSizeRel|Win32
		{2CB31EF5-7082-4F3F-8BB5-0848EDA267C7}.MinSizeRel|Win32.Build.0 = MinSizeRel|Win32
		{2CB31EF5-7082-4F3F-8BB5-0848EDA267C7}.Release|Win32.ActiveCfg = Release|Win32
		{2CB31EF5-7082-4F3F-8BB5-0848EDA267C7}.Release|Win32.Build.0 = Release|Win32
		{2CB31EF5-7082-4F3F-8BB5-0848EDA267C7}.RelWithDebInfo|Win32.ActiveCfg = RelWithDebInfo|Win32
		{2CB31EF5-7082-4F3F-8BB5-0848EDA267C7}.RelWithDebInfo|Win32.Build.0 = RelWithDebInfo|Win32
		{8E7CD6F5-6B6D-49E6-9284-B328A79C2F54}.Debug|Win32.ActiveCfg = Debug|Win32
		{8E7CD6F5-6B6D-49E6-9284-B328A79C2F54}.Debug|Win32.Build.0 = Debug|Win32
		{8E7CD6F5-6B6D-49E6-9284-B328A79C2F54}.MinSizeRel|Win32.ActiveCfg = MinSizeRel|Win32
		{8E7CD6F5-6B6D-49E6-9284-B328A79C2F54}.MinSizeRel|Win32.Build.0 = MinSizeRel|Win32
		{8E7CD6F5-6B6D-49E6-9284-B328A79C2F54}.Release|Win32.ActiveCfg = Release|Win32
		{8E7CD6F5-6B6D-49E6-9284-B328A79C2F54}.Release|Win32.Build.0 = Release|Win32
		{8E7CD6F5-6B6D-49E6-9284-B328A79C2F54}.RelWithDebInfo|Win32.ActiveCfg = RelWithDebInfo|Win32
		{8E7CD6F5-6B6D-49E6-9284-B328A79C2F54}.RelWithDebInfo|Win32.Build.0 = RelWithDebInfo|Win32
		{DCAD8BA3-9354-4FA8-B3FC-4CABDE05F5BB}.Debug|Win32.ActiveCfg = Debug|Win32
		{DCAD8BA3-9354-4FA8-B3FC-4CABDE05F5BB}.Debug|Win32.Build.0 = Debug|Win32
		{DCAD8BA3-9354-4FA8-B3FC-4CABDE05F5BB}.MinSizeRel|Win32.ActiveCfg = MinSizeRel|Win32
		{DCAD8BA3-9354-4FA8-B3FC-4CABDE05F5BB}.MinSizeRel|Win32.Build.0 = MinSizeRel|Win32
		{DCAD8BA3-9354-4FA8-B3FC-4CABDE05F5BB}.Release|Win32.ActiveCfg = Release|Win32
		{DCAD8BA3-9354-4FA8-B3FC-4CABDE05F5BB}.Release|Win32.Build.0 = Release|Win32
		{DCAD8BA3-9354-4FA8-B3FC-4CABDE05F5BB}.RelWithDebInfo|Win32.ActiveCfg = RelWithDebInfo|Win32
		{DCAD8BA3-9354-4FA8-B3FC-4CABDE05F5BB}.RelWithDebInfo|Win32.Build.0 = RelWithDebInfo|Win32
		{2AC2A826-C7C2-40B6-B4EA-2468FECD4433}.Debug|Win32.ActiveCfg = Debug|Win32
		{2AC2A826-C7C2-40B6-B4EA-2468FECD4433}.Debug|Win32.Build.0 = Debug|Win32
		{2AC2A826-C7C2-40B6-B4EA-2468FECD4433}.MinSizeRel|Win32.ActiveCfg = MinSizeRel|Win32
		{2AC2A826-C7C2-40B6-B4EA-2468FECD4433}.MinSizeRel|Win32.Build.0 = MinSizeRel|Win32
		{2AC2A826-C7C2-40B6-B4EA-2468FECD4433}.Release|Win32.ActiveCfg = Release|Win32
		{2AC2A826-C7C2-40B6-B4EA-2468FECD4433}.Release|Win32.Build.0 = Release|Win32
		{2AC2A826-C7C2-40B6-B4EA-2468FECD4433}.RelWithDebInfo|Win32.ActiveCfg = RelWithDebInfo|Win32
		{2AC2A826-C7C2-40B6-B4EA-2468FECD4433}.RelWithDebInfo|Win32.Build.0 = RelWithDebInfo|Win32
		{86C47D40-12B1-4161-B5F6-922740347955}.Debug|Win32.ActiveCfg = Debug|Win32
		{86C47D40-12B1-4161-B5F6-922740347955}.Debug|Win32.Build.0 = Debug|Win32
		{86C47D40-12B1-4161-B5F6-922740347955}.MinSizeRel|Win32.ActiveCfg = MinSizeRel|Win32
		{86C47D40-12B1-4161-B5F6-922740347955}.MinSizeRel|Win32.Build.0 = MinSizeRel|Win32
		{86C47D40-12B1-4161-B5F6-922740347955}.Release|Win32.ActiveCfg = Release|Win32
		{86C47D40-12B1-4161-B5F6-922740347955}.Release|Win32.Build.0 = Release|Win32
		{86C47D40-12B1-4161-B5F6-922740347955}.RelWithDebInfo|Win32.ActiveCfg = RelWithDebInfo|Win32
		{86C47D40-12B1-4161-B5F6-922740347955}.RelWithDebInfo|Win32.Build.0 = RelWithDebInfo|Win32
		{9E44C3F1-1957-415E-BA15-B4D7F54B9D1C}.Debug|Win32.ActiveCfg = Debug|Win32
		{9E44C3F1-1957-415E-BA15-B4D7F54B9D1C}.Debug|Win32.Build.0 = Debug|Win32
		{9E44C3F1-1957-415E-BA15-B4D7F54B9D1C}.MinSizeRel|Win32.ActiveCfg = MinSizeRel|Win32
		{9E44C3F1-1957-415E-BA15-B4D7F54B9D1C}.MinSizeRel|Win32.Build.0 = MinSizeRel|Win32
		{9E44C3F1-1957-415E-BA15-B4D7F54B9D1C}.Release|Win32.ActiveCfg = Release|Win32
		{9E44C3F1-1957-415E-BA15-B4D7F54B9D1C}.Release|Win32.Build.0 = Release|Win32
		{9E44C3F1-1957-415E-BA15-B4D7F54B9D1C}.RelWithDebInfo|Win32.ActiveCfg = RelWithDebInfo|Win32
		{9E44C3F1-1957-415E-BA15-B4D7F54B9D1C}.RelWithDebInfo|Win32.Build.0 = RelWithDebInfo|Win32
		{FBD3C983-741C-4994-8324-C9CA8FA0BBE6}.Debug|Win32.ActiveCfg = Debug|Win32
		{FBD3C983-741C-4994-8324-C9CA8FA0BBE6}.Debug|Win32.Build.0 = Debug|Win32
		{FBD3C983-741C-4994-8324-C9CA8FA0BBE6}.MinSizeRel|Win32.ActiveCfg = MinSizeRel|Win32
		{FBD3C983-741C-4994-8324-C9CA8FA0BBE6}.MinSizeRel|Win32.Build.0 = MinSizeRel|Win32
		{FBD3C983-741C-4994-8324-C9CA8FA0BBE6}.Release|Win32.ActiveCfg = Release|Win32
		{FBD3C983-741C-4994-8324-C9CA8FA0BBE6}.Release|Win32.Build.0 = Release|Win32
		{FBD3C983-741C-4994-8324-C9CA8FA0BBE6}.RelWithDebInfo|Win32.ActiveCfg = RelWithDebInfo|Win32
		{FBD3C983-741C-4994-8324-C9CA8FA0BBE6}.RelWithDebInfo|Win32.Build.0 = RelWithDebInfo|Win32
		{F9C8E86C-FC46-48E0-BB89-FD941CF36CAC}.Debug|Win32.ActiveCfg = Debug|Win32
		{F9C8E86C-FC46-48E0-BB89-FD941CF36CAC}.Debug|Win32.Build.0 = Debug|Win32
		{F9C8E86C-FC46-48E0-BB89-FD941CF36CAC}.MinSizeRel|Win32.ActiveCfg = MinSizeRel|Win32
		{F9C8E86C-FC46-48E0-BB89-FD941CF36CAC}.MinSizeRel|Win32.Build.0 = MinSizeRel|Win32
		{F9C8E86C-FC46-48E0-BB89-FD941CF36CAC}.Release|Win32.ActiveCfg = Release|Win32
		{F9C8E86C-FC46-48E0-BB89-FD941CF36CAC}.Release|Win32.Build.0 = Release|Win32
		{F9C8E86C-FC46-48E0-BB89-FD941CF36CAC}.RelWithDebInfo|Win32.ActiveCfg = RelWithDebInfo|Win32
		{F9C8E86C-FC46-48E0-BB89-FD941CF36CAC}.RelWithDebInfo|Win32.Build.0 = RelWithDebInfo|Win32
		{B5E6FD6F-FFAD-4293-8B8A-AD4D590329D2}.Debug|Win32.ActiveCfg = Debug|Win32
		{B5E6FD6F-FFAD-4293-8B8A-AD4D590329D2}.Debug|Win32.Build.0 = Debug|Win32
		{B5E6FD6F-FFAD-4293-8B8A-AD4D590329D2}.MinSizeRel|Win32.ActiveCfg = MinSizeRel|Win32
		{B5E6FD6F-FFAD-4293-8B8A-AD4D590329D2}.MinSizeRel|Win32.Build.0 = MinSizeRel|Win32
		{B5E6FD6F-FFAD-4293-8B8A-AD4D590329D2}.Release|Win32.ActiveCfg = Release|Win32
		{B5E6FD6F-FFAD-4293-8B8A-AD4D590329D2}.Release|Win32.Build.0 = Release|Win32
		{B5E6FD6F-FFAD-4293-8B8A-AD4D590329D2}.RelWithDebInfo|Win32.ActiveCfg = RelWithDebInfo|Win32
		{B5E6FD6F-FFAD-4293-8B8A-AD4D590329D2}.RelWithDebInfo|Win32.Build.0 = RelWithDebInfo|Win32
		{1A3482DF-A3B7-4C9A-9108-CEDEED575F73}.Debug|Win32.ActiveCfg = Debug|Win32
		{1A3482DF-A3B7-4C9A-9108-CEDEED575F73}.Debug|Win32.Build.0 = Debug|Win32
		{1A3482DF-A3B7-4C9A-9108-CEDEED575F73}.MinSizeRel|Win32.ActiveCfg = MinSizeRel|Win32
		{1A3482DF-A3B7-4C9A-9108-CEDEED575F73}.MinSizeRel|Win32.Build.0 = MinSizeRel|Win32
		{1A3482DF-A3B7-4C9A-9108-CEDEED575F73}.Release|Win32.ActiveCfg = Release|Win32
		{1A3482DF-A3B7-4C9A-9108-CEDEED575F73}.Release|Win32.Build.0 = Release|Win32
		{1A3482DF-A3B7-4C9A-9108-CEDEED575F73}.RelWithDebInfo|Win32.ActiveCfg = RelWithDebInfo|Win32
		{1A3482DF-A3B7-4C9A-9108-CEDEED575F73}.RelWithDebInfo|Win32.Build.0 = RelWithDebInfo|Win32
		{E34E44D7-DC24-4EAC-A139-1F2A6D56F2B3}.Debug|Win32.ActiveCfg = Debug|Win32
		{E34E44D7-DC24-4EAC-A139-1F2A6D56F2B3}.Debug|Win32.Build.0 = Debug|Win32
		{E34E44D7-DC24-4EAC-A139-1F2A6D56F2B3}.MinSizeRel|Win32.ActiveCfg = MinSizeRel|Win32
		{E34E44D7-DC24-4EAC-A139-1F2A6D56F2B3}.MinSizeRel|Win32.Build.0 = MinSizeRel|Win32
		{E34E44D7-DC24-4EAC-A139-1F2A6D56F2B3}.Release|Win32.ActiveCfg = Release|Win32
		{E34E44D7-DC24-4EAC-A139-1F2A6D56F2B3}.Release|Win32.Build.0 = Release|Win32
		{E34E44D7-DC24-4EAC-A139-1F2A6D56F2B3}.RelWithDebInfo|Win32.ActiveCfg = RelWithDebInfo|Win32
		{E34E44D7-DC24-4EAC-A139-1F2A6D56F2B3}.RelWithDebInfo|Win32.Build.0 = RelWithDebInfo|Win32
		{5AD73B9A-6124-4CC4-92B5-C71278107FA2}.Debug|Win32.ActiveCfg = Debug|Win32
		{5AD73B9A-6124-4CC4-92B5-C71278107FA2}.Debug|Win32.Build.0 = Debug|Win32
		{5AD73B9A-6124-4CC4-92B5-C71278107FA2}.MinSizeRel|Win32.ActiveCfg = MinSizeRel|Win32
		{5AD73B9A-6124-4CC4-92B5-C71278107FA2}.MinSizeRel|Win32.Build.0 = MinSizeRel|Win32
		{5AD73B9A-6124-4CC4-92B5-C71278107FA2}.Release|Win32.ActiveCfg = Release|Win32
		{5AD73B9A-6124-4CC4-92B5-C71278107FA2}.Release|Win32.Build.0 = Release|Win32
		{5AD73B9A-6124-4CC4-92B5-C71278107FA2}.RelWithDebInfo|Win32.ActiveCfg = RelWithDebInfo|Win32
		{5AD73B9A-6124-4CC4-92B5-C71278107FA2}.RelWithDebInfo|Win32.Build.0 = RelWithDebInfo|Win32
		{597A921D-55BC-4444-865A-245BC57942AA}.Debug|Win32.ActiveCfg = Debug|Win32
		{597A921D-55BC-4444-865A-245BC57942AA}.Debug|Win32.Build.0 = Debug|Win32
		{597A921D-55BC-4444-865A-245BC57942AA}.MinSizeRel|Win32.ActiveCfg = Release|Win32
		{597A921D-55BC-4444-865A-245BC57942AA}.Release|Win32.ActiveCfg = Release|Win32
		{597A921D-55BC-4444-865A-245BC57942AA}.Release|Win32.Build.0 = Release|Win32
		{597A921D-55BC-4444-865A-245BC57942AA}.RelWithDebInfo|Win32.ActiveCfg = Release|Win32
		{ACFC50B7-D384-4368-A0B1-6560CF3D8EC1}.Debug|Win32.ActiveCfg = Debug|Win32
		{ACFC50B7-D384-4368-A0B1-6560CF3D8EC1}.Debug|Win32.Build.0 = Debug|Win32
		{ACFC50B7-D384-4368-A0B1-6560CF3D8EC1}.MinSizeRel|Win32.ActiveCfg = Release|Win32
		{ACFC50B7-D384-4368-A0B1-6560CF3D8EC1}.MinSizeRel|Win32.Build.0 = Release|Win32
		{ACFC50B7-D384-4368-A0B1-6560CF3D8EC1}.Release|Win32.ActiveCfg = Release|Win32
		{ACFC50B7-D384-4368-A0B1-6560CF3D8EC1}.Release|Win32.Build.0 = Release|Win32
		{ACFC50B7-D384-4368-A0B1-6560CF3D8EC1}.RelWithDebInfo|Win32.ActiveCfg = Release|Win32
		{ACFC50B7-D384-4368-A0B1-6560CF3D8EC1}.RelWithDebInfo|Win32.Build.0 = Release|Win32
		{FD5337D5-795E-44E7-BA08-FE2AAA2EBF85}.Debug|Win32.ActiveCfg = Debug|Win32
		{FD5337D5-795E-44E7-BA08-FE2AAA2EBF85}.Debug|Win32.Build.0 = Debug|Win32
		{FD5337D5-795E-44E7-BA08-FE2AAA2EBF85}.MinSizeRel|Win32.ActiveCfg = Release|Win32
		{FD5337D5-795E-44E7-BA08-FE2AAA2EBF85}.MinSizeRel|Win32.Build.0 = Release|Win32
		{FD5337D5-795E-44E7-BA08-FE2AAA2EBF85}.Release|Win32.ActiveCfg = Release|Win32
		{FD5337D5-795E-44E7-BA08-FE2AAA2EBF85}.Release|Win32.Build.0 = Release|Win32
		{FD5337D5-795E-44E7-BA08-FE2AAA2EBF85}.RelWithDebInfo|Win32.ActiveCfg = Release|Win32
		{FD5337D5-795E-44E7-BA08-FE2AAA2EBF85}.RelWithDebInfo|Win32.Build.0 = Release|Win32
	EndGlobalSection
	GlobalSection(SolutionProperties) = preSolution
		HideSolutionNode = FALSE
	EndGlobalSection
	GlobalSection(NestedProjects) = preSolution
		{5FBF9454-1BD0-4679-BE75-BDBDF6B165CD} = {3A633B24-E140-456D-9B25-63F30513425B}
		{06B0857D-46D1-4FBD-B252-03FD1C057906} = {3A633B24-E140-456D-9B25-63F30513425B}
		{B5E6BC81-A901-4EFA-8C2E-9B1DFAD300E4} = {3A633B24-E140-456D-9B25-63F30513425B}
		{4F60A9B0-9D28-4972-AC59-20E7D5C1D049} = {3A633B24-E140-456D-9B25-63F30513425B}
		{DCAD8BA3-9354-4FA8-B3FC-4CABDE05F5BB} = {5FBF9454-1BD0-4679-BE75-BDBDF6B165CD}
		{FBD3C983-741C-4994-8324-C9CA8FA0BBE6} = {5FBF9454-1BD0-4679-BE75-BDBDF6B165CD}
		{2AC2A826-C7C2-40B6-B4EA-2468FECD4433} = {5FBF9454-1BD0-4679-BE75-BDBDF6B165CD}
		{86C47D40-12B1-4161-B5F6-922740347955} = {5FBF9454-1BD0-4679-BE75-BDBDF6B165CD}
		{9E44C3F1-1957-415E-BA15-B4D7F54B9D1C} = {5FBF9454-1BD0-4679-BE75-BDBDF6B165CD}
		{F9C8E86C-FC46-48E0-BB89-FD941CF36CAC} = {5FBF9454-1BD0-4679-BE75-BDBDF6B165CD}
		{B5E6FD6F-FFAD-4293-8B8A-AD4D590329D2} = {B5E6BC81-A901-4EFA-8C2E-9B1DFAD300E4}
		{E34E44D7-DC24-4EAC-A139-1F2A6D56F2B3} = {8472B373-C43E-46B5-B3CD-2D6A48D5761E}
		{1A3482DF-A3B7-4C9A-9108-CEDEED575F73} = {8472B373-C43E-46B5-B3CD-2D6A48D5761E}
		{5AD73B9A-6124-4CC4-92B5-C71278107FA2} = {8472B373-C43E-46B5-B3CD-2D6A48D5761E}
		{5BC57D00-0F23-458C-BD28-99C17A6B9F11} = {4F60A9B0-9D28-4972-AC59-20E7D5C1D049}
		{8E7CD6F5-6B6D-49E6-9284-B328A79C2F54} = {4F60A9B0-9D28-4972-AC59-20E7D5C1D049}
		{800AE043-758A-444B-9F7C-52E880B74543} = {4F60A9B0-9D28-4972-AC59-20E7D5C1D049}
		{25DDE572-1659-4A20-804D-316606065104} = {4F60A9B0-9D28-4972-AC59-20E7D5C1D049}
		{996EA532-09E5-4BF8-A5E0-72D10802CCC4} = {4F60A9B0-9D28-4972-AC59-20E7D5C1D049}
		{2CB31EF5-7082-4F3F-8BB5-0848EDA267C7} = {4F60A9B0-9D28-4972-AC59-20E7D5C1D049}
		{2A595CBD-8A96-4C39-B17B-31F36538CF88} = {4F60A9B0-9D28-4972-AC59-20E7D5C1D049}
		{FD5337D5-795E-44E7-BA08-FE2AAA2EBF85} = {BFA87839-BA37-48E0-8F05-AF22196BF371}
		{ACFC50B7-D384-4368-A0B1-6560CF3D8EC1} = {BFA87839-BA37-48E0-8F05-AF22196BF371}
	EndGlobalSection
EndGlobal
