<?xml version="1.0" encoding="utf-8"?>
<Project ToolsVersion="4.0" xmlns="http://schemas.microsoft.com/developer/msbuild/2003">
  <ItemGroup>
    <Filter Include="Source Files">
      <UniqueIdentifier>{037AD051-B548-444E-B200-64DBF8CC6417}</UniqueIdentifier>
    </Filter>
    <Filter Include="Header Files">
      <UniqueIdentifier>{6C9EDABC-4238-4586-9E08-76C2D8DE6E90}</UniqueIdentifier>
    </Filter>
  </ItemGroup>
  <ItemGroup>
    <ClCompile Include="src\OgreLodData.cpp">
      <Filter>Source Files</Filter>
    </ClCompile>
    <ClCompile Include="src\OgreLodInputProvider.cpp">
      <Filter>Source Files</Filter>
    </ClCompile>
    <ClCompile Include="src\OgreLodInputProviderBuffer.cpp">
      <Filter>Source Files</Filter>
    </ClCompile>
    <ClCompile Include="src\OgreLodInputProviderMesh.cpp">
      <Filter>Source Files</Filter>
    </ClCompile>
    <ClCompile Include="src\OgreLodOutputProviderBuffer.cpp">
      <Filter>Source Files</Filter>
    </ClCompile>
    <ClCompile Include="src\OgreLodOutputProviderCompressedBuffer.cpp">
      <Filter>Source Files</Filter>
    </ClCompile>
    <ClCompile Include="src\OgreLodOutputProviderCompressedMesh.cpp">
      <Filter>Source Files</Filter>
    </ClCompile>
    <ClCompile Include="src\OgreLodOutputProviderMesh.cpp">
      <Filter>Source Files</Filter>
    </ClCompile>
    <ClCompile Include="src\OgreLodOutsideMarker.cpp">
      <Filter>Source Files</Filter>
    </ClCompile>
    <ClCompile Include="src\OgreLodWorkQueueInjector.cpp">
      <Filter>Source Files</Filter>
    </ClCompile>
    <ClCompile Include="src\OgreLodWorkQueueWorker.cpp">
      <Filter>Source Files</Filter>
    </ClCompile>
    <ClCompile Include="src\OgreMeshLodGenerator.cpp">
      <Filter>Source Files</Filter>
    </ClCompile>
    <ClCompile Include="src\OgreSmallVector.cpp">
      <Filter>Source Files</Filter>
    </ClCompile>
    <ClCompile Include="src\OgreLodBuffer.cpp">
      <Filter>Source Files</Filter>
    </ClCompile>
    <ClCompile Include="src\OgreLodCollapseCost.cpp">
      <Filter>Source Files</Filter>
    </ClCompile>
    <ClCompile Include="src\OgreLodCollapseCostCurvature.cpp">
      <Filter>Source Files</Filter>
    </ClCompile>
    <ClCompile Include="src\OgreLodCollapseCostOutside.cpp">
      <Filter>Source Files</Filter>
    </ClCompile>
    <ClCompile Include="src\OgreLodCollapseCostProfiler.cpp">
      <Filter>Source Files</Filter>
    </ClCompile>
    <ClCompile Include="src\OgreLodCollapseCostQuadric.cpp">
      <Filter>Source Files</Filter>
    </ClCompile>
    <ClCompile Include="src\OgreLodCollapser.cpp">
      <Filter>Source Files</Filter>
    </ClCompile>
    <ClCompile Include="src\OgreLodConfig.cpp">
      <Filter>Source Files</Filter>
    </ClCompile>
    <ClCompile Include="src\OgreLodConfigSerializer.cpp">
      <Filter>Source Files</Filter>
    </ClCompile>
  </ItemGroup>
  <ItemGroup>
    <ClInclude Include="include\OgreLodCollapser.h">
      <Filter>Header Files</Filter>
    </ClInclude>
    <ClInclude Include="include\OgreLodConfig.h">
      <Filter>Header Files</Filter>
    </ClInclude>
    <ClInclude Include="include\OgreLodConfigSerializer.h">
      <Filter>Header Files</Filter>
    </ClInclude>
    <ClInclude Include="include\OgreLodData.h">
      <Filter>Header Files</Filter>
    </ClInclude>
    <ClInclude Include="include\OgreLodInputProvider.h">
      <Filter>Header Files</Filter>
    </ClInclude>
    <ClInclude Include="include\OgreLodInputProviderBuffer.h">
      <Filter>Header Files</Filter>
    </ClInclude>
    <ClInclude Include="include\OgreLodInputProviderMesh.h">
      <Filter>Header Files</Filter>
    </ClInclude>
    <ClInclude Include="include\OgreLodOutputProvider.h">
      <Filter>Header Files</Filter>
    </ClInclude>
    <ClInclude Include="include\OgreLodOutputProviderBuffer.h">
      <Filter>Header Files</Filter>
    </ClInclude>
    <ClInclude Include="include\OgreLodOutputProviderCompressedBuffer.h">
      <Filter>Header Files</Filter>
    </ClInclude>
    <ClInclude Include="include\OgreLodOutputProviderCompressedMesh.h">
      <Filter>Header Files</Filter>
    </ClInclude>
    <ClInclude Include="include\OgreLodOutputProviderMesh.h">
      <Filter>Header Files</Filter>
    </ClInclude>
    <ClInclude Include="include\OgreLodOutsideMarker.h">
      <Filter>Header Files</Filter>
    </ClInclude>
    <ClInclude Include="include\OgreLodPrerequisites.h">
      <Filter>Header Files</Filter>
    </ClInclude>
    <ClInclude Include="include\OgreLodWorkQueueInjector.h">
      <Filter>Header Files</Filter>
    </ClInclude>
    <ClInclude Include="include\OgreLodWorkQueueInjectorListener.h">
      <Filter>Header Files</Filter>
    </ClInclude>
    <ClInclude Include="include\OgreLodWorkQueueRequest.h">
      <Filter>Header Files</Filter>
    </ClInclude>
    <ClInclude Include="include\OgreLodWorkQueueWorker.h">
      <Filter>Header Files</Filter>
    </ClInclude>
    <ClInclude Include="include\OgreMeshLodGenerator.h">
      <Filter>Header Files</Filter>
    </ClInclude>
    <ClInclude Include="include\OgreSmallVector.h">
      <Filter>Header Files</Filter>
    </ClInclude>
    <ClInclude Include="include\OgreVectorSet.h">
      <Filter>Header Files</Filter>
    </ClInclude>
    <ClInclude Include="include\OgreVectorSetImpl.h">
      <Filter>Header Files</Filter>
    </ClInclude>
    <ClInclude Include="include\OgreLod0Stripifier.h">
      <Filter>Header Files</Filter>
    </ClInclude>
    <ClInclude Include="include\OgreLodBuffer.h">
      <Filter>Header Files</Filter>
    </ClInclude>
    <ClInclude Include="include\OgreLodCollapseCost.h">
      <Filter>Header Files</Filter>
    </ClInclude>
    <ClInclude Include="include\OgreLodCollapseCostCurvature.h">
      <Filter>Header Files</Filter>
    </ClInclude>
    <ClInclude Include="include\OgreLodCollapseCostOutside.h">
      <Filter>Header Files</Filter>
    </ClInclude>
    <ClInclude Include="include\OgreLodCollapseCostProfiler.h">
      <Filter>Header Files</Filter>
    </ClInclude>
    <ClInclude Include="include\OgreLodCollapseCostQuadric.h">
      <Filter>Header Files</Filter>
    </ClInclude>
  </ItemGroup>
</Project>