<?xml version="1.0" encoding="utf-8"?>
<Project ToolsVersion="4.0" xmlns="http://schemas.microsoft.com/developer/msbuild/2003">
  <ItemGroup>
    <Filter Include="Source Files">
      <UniqueIdentifier>{037AD051-B548-444E-B200-64DBF8CC6417}</UniqueIdentifier>
    </Filter>
    <Filter Include="Header Files">
      <UniqueIdentifier>{6C9EDABC-4238-4586-9E08-76C2D8DE6E90}</UniqueIdentifier>
    </Filter>
  </ItemGroup>
  <ItemGroup>
    <ClInclude Include="include\OgreVolumeIsoSurface.h">
      <Filter>Header Files</Filter>
    </ClInclude>
    <ClInclude Include="include\OgreVolumeIsoSurfaceMC.h">
      <Filter>Header Files</Filter>
    </ClInclude>
    <ClInclude Include="include\OgreVolumeIsoSurfaceTablesMC.h">
      <Filter>Header Files</Filter>
    </ClInclude>
    <ClInclude Include="include\OgreVolumeMeshBuilder.h">
      <Filter>Header Files</Filter>
    </ClInclude>
    <ClInclude Include="include\OgreVolumeOctreeNode.h">
      <Filter>Header Files</Filter>
    </ClInclude>
    <ClInclude Include="include\OgreVolumeOctreeNodeSplitPolicy.h">
      <Filter>Header Files</Filter>
    </ClInclude>
    <ClInclude Include="include\OgreVolumePrerequisites.h">
      <Filter>Header Files</Filter>
    </ClInclude>
    <ClInclude Include="include\OgreVolumeSimplexNoise.h">
      <Filter>Header Files</Filter>
    </ClInclude>
    <ClInclude Include="include\OgreVolumeSource.h">
      <Filter>Header Files</Filter>
    </ClInclude>
    <ClInclude Include="include\OgreVolumeTextureSource.h">
      <Filter>Header Files</Filter>
    </ClInclude>
    <ClInclude Include="include\OgreVolumeCacheSource.h">
      <Filter>Header Files</Filter>
    </ClInclude>
    <ClInclude Include="include\OgreVolumeChunk.h">
      <Filter>Header Files</Filter>
    </ClInclude>
    <ClInclude Include="include\OgreVolumeChunkHandler.h">
      <Filter>Header Files</Filter>
    </ClInclude>
    <ClInclude Include="include\OgreVolumeCSGSource.h">
      <Filter>Header Files</Filter>
    </ClInclude>
    <ClInclude Include="include\OgreVolumeDualGridGenerator.h">
      <Filter>Header Files</Filter>
    </ClInclude>
    <ClInclude Include="include\OgreVolumeGridSource.h">
      <Filter>Header Files</Filter>
    </ClInclude>
    <ClInclude Include="include\OgreVolumeHalfFloatGridSource.h">
      <Filter>Header Files</Filter>
    </ClInclude>
  </ItemGroup>
  <ItemGroup>
    <ClCompile Include="src\OgreVolumeIsoSurface.cpp">
      <Filter>Source Files</Filter>
    </ClCompile>
    <ClCompile Include="src\OgreVolumeIsoSurfaceMC.cpp">
      <Filter>Source Files</Filter>
    </ClCompile>
    <ClCompile Include="src\OgreVolumeMeshBuilder.cpp">
      <Filter>Source Files</Filter>
    </ClCompile>
    <ClCompile Include="src\OgreVolumeOctreeNode.cpp">
      <Filter>Source Files</Filter>
    </ClCompile>
    <ClCompile Include="src\OgreVolumeOctreeNodeSplitPolicy.cpp">
      <Filter>Source Files</Filter>
    </ClCompile>
    <ClCompile Include="src\OgreVolumeSimplexNoise.cpp">
      <Filter>Source Files</Filter>
    </ClCompile>
    <ClCompile Include="src\OgreVolumeSource.cpp">
      <Filter>Source Files</Filter>
    </ClCompile>
    <ClCompile Include="src\OgreVolumeTextureSource.cpp">
      <Filter>Source Files</Filter>
    </ClCompile>
    <ClCompile Include="src\OgreVolumeCacheSource.cpp">
      <Filter>Source Files</Filter>
    </ClCompile>
    <ClCompile Include="src\OgreVolumeChunk.cpp">
      <Filter>Source Files</Filter>
    </ClCompile>
    <ClCompile Include="src\OgreVolumeChunkHandler.cpp">
      <Filter>Source Files</Filter>
    </ClCompile>
    <ClCompile Include="src\OgreVolumeCSGSource.cpp">
      <Filter>Source Files</Filter>
    </ClCompile>
    <ClCompile Include="src\OgreVolumeDualGridGenerator.cpp">
      <Filter>Source Files</Filter>
    </ClCompile>
    <ClCompile Include="src\OgreVolumeGridSource.cpp">
      <Filter>Source Files</Filter>
    </ClCompile>
    <ClCompile Include="src\OgreVolumeHalfFloatGridSource.cpp">
      <Filter>Source Files</Filter>
    </ClCompile>
  </ItemGroup>
</Project>