<?xml version="1.0" encoding="utf-8"?>
<Project ToolsVersion="4.0" xmlns="http://schemas.microsoft.com/developer/msbuild/2003">
  <ItemGroup>
    <ClCompile Include="E:\MU\OgreMain\src\OgreAlignedAllocator.cpp">
      <Filter>Source Files</Filter>
    </ClCompile>
    <ClCompile Include="E:\MU\OgreMain\src\OgreAnimable.cpp">
      <Filter>Source Files</Filter>
    </ClCompile>
    <ClCompile Include="E:\MU\OgreMain\src\OgreAnimation.cpp">
      <Filter>Source Files</Filter>
    </ClCompile>
    <ClCompile Include="E:\MU\OgreMain\src\OgreAnimationState.cpp">
      <Filter>Source Files</Filter>
    </ClCompile>
    <ClCompile Include="E:\MU\OgreMain\src\OgreAnimationTrack.cpp">
      <Filter>Source Files</Filter>
    </ClCompile>
    <ClCompile Include="E:\MU\OgreMain\src\OgreArchiveManager.cpp">
      <Filter>Source Files</Filter>
    </ClCompile>
    <ClCompile Include="E:\MU\OgreMain\src\OgreAtomicScalar.cpp">
      <Filter>Source Files</Filter>
    </ClCompile>
    <ClCompile Include="E:\MU\OgreMain\src\OgreAutoParamDataSource.cpp">
      <Filter>Source Files</Filter>
    </ClCompile>
    <ClCompile Include="E:\MU\OgreMain\src\OgreAxisAlignedBox.cpp">
      <Filter>Source Files</Filter>
    </ClCompile>
    <ClCompile Include="E:\MU\OgreMain\src\OgreBillboard.cpp">
      <Filter>Source Files</Filter>
    </ClCompile>
    <ClCompile Include="E:\MU\OgreMain\src\OgreBillboardChain.cpp">
      <Filter>Source Files</Filter>
    </ClCompile>
    <ClCompile Include="E:\MU\OgreMain\src\OgreBillboardParticleRenderer.cpp">
      <Filter>Source Files</Filter>
    </ClCompile>
    <ClCompile Include="E:\MU\OgreMain\src\OgreBillboardSet.cpp">
      <Filter>Source Files</Filter>
    </ClCompile>
    <ClCompile Include="E:\MU\OgreMain\src\OgreBone.cpp">
      <Filter>Source Files</Filter>
    </ClCompile>
    <ClCompile Include="E:\MU\OgreMain\src\OgreCamera.cpp">
      <Filter>Source Files</Filter>
    </ClCompile>
    <ClCompile Include="E:\MU\OgreMain\src\OgreCodec.cpp">
      <Filter>Source Files</Filter>
    </ClCompile>
    <ClCompile Include="E:\MU\OgreMain\src\OgreColourValue.cpp">
      <Filter>Source Files</Filter>
    </ClCompile>
    <ClCompile Include="E:\MU\OgreMain\src\OgreCommon.cpp">
      <Filter>Source Files</Filter>
    </ClCompile>
    <ClCompile Include="E:\MU\OgreMain\src\OgreCompositionPass.cpp">
      <Filter>Source Files</Filter>
    </ClCompile>
    <ClCompile Include="E:\MU\OgreMain\src\OgreCompositionTargetPass.cpp">
      <Filter>Source Files</Filter>
    </ClCompile>
    <ClCompile Include="E:\MU\OgreMain\src\OgreCompositionTechnique.cpp">
      <Filter>Source Files</Filter>
    </ClCompile>
    <ClCompile Include="E:\MU\OgreMain\src\OgreCompositor.cpp">
      <Filter>Source Files</Filter>
    </ClCompile>
    <ClCompile Include="E:\MU\OgreMain\src\OgreCompositorChain.cpp">
      <Filter>Source Files</Filter>
    </ClCompile>
    <ClCompile Include="E:\MU\OgreMain\src\OgreCompositorInstance.cpp">
      <Filter>Source Files</Filter>
    </ClCompile>
    <ClCompile Include="E:\MU\OgreMain\src\OgreCompositorManager.cpp">
      <Filter>Source Files</Filter>
    </ClCompile>
    <ClCompile Include="E:\MU\OgreMain\src\OgreConfigFile.cpp">
      <Filter>Source Files</Filter>
    </ClCompile>
    <ClCompile Include="E:\MU\OgreMain\src\OgreControllerManager.cpp">
      <Filter>Source Files</Filter>
    </ClCompile>
    <ClCompile Include="E:\MU\OgreMain\src\OgreConvexBody.cpp">
      <Filter>Source Files</Filter>
    </ClCompile>
    <ClCompile Include="E:\MU\OgreMain\src\OgreDataStream.cpp">
      <Filter>Source Files</Filter>
    </ClCompile>
    <ClCompile Include="E:\MU\OgreMain\src\OgreDefaultHardwareBufferManager.cpp">
      <Filter>Source Files</Filter>
    </ClCompile>
    <ClCompile Include="E:\MU\OgreMain\src\OgreDefaultSceneQueries.cpp">
      <Filter>Source Files</Filter>
    </ClCompile>
    <ClCompile Include="E:\MU\OgreMain\src\OgreDeflate.cpp">
      <Filter>Source Files</Filter>
    </ClCompile>
    <ClCompile Include="E:\MU\OgreMain\src\OgreDepthBuffer.cpp">
      <Filter>Source Files</Filter>
    </ClCompile>
    <ClCompile Include="E:\MU\OgreMain\src\OgreDistanceLodStrategy.cpp">
      <Filter>Source Files</Filter>
    </ClCompile>
    <ClCompile Include="E:\MU\OgreMain\src\OgreDualQuaternion.cpp">
      <Filter>Source Files</Filter>
    </ClCompile>
    <ClCompile Include="E:\MU\OgreMain\src\OgreDynLib.cpp">
      <Filter>Source Files</Filter>
    </ClCompile>
    <ClCompile Include="E:\MU\OgreMain\src\OgreDynLibManager.cpp">
      <Filter>Source Files</Filter>
    </ClCompile>
    <ClCompile Include="E:\MU\OgreMain\src\OgreEdgeListBuilder.cpp">
      <Filter>Source Files</Filter>
    </ClCompile>
    <ClCompile Include="E:\MU\OgreMain\src\OgreEntity.cpp">
      <Filter>Source Files</Filter>
    </ClCompile>
    <ClCompile Include="E:\MU\OgreMain\src\OgreException.cpp">
      <Filter>Source Files</Filter>
    </ClCompile>
    <ClCompile Include="E:\MU\OgreMain\src\OgreExternalTextureSource.cpp">
      <Filter>Source Files</Filter>
    </ClCompile>
    <ClCompile Include="E:\MU\OgreMain\src\OgreExternalTextureSourceManager.cpp">
      <Filter>Source Files</Filter>
    </ClCompile>
    <ClCompile Include="E:\MU\OgreMain\src\OgreFileSystem.cpp">
      <Filter>Source Files</Filter>
    </ClCompile>
    <ClCompile Include="E:\MU\OgreMain\src\OgreFrustum.cpp">
      <Filter>Source Files</Filter>
    </ClCompile>
    <ClCompile Include="E:\MU\OgreMain\src\OgreGpuProgram.cpp">
      <Filter>Source Files</Filter>
    </ClCompile>
    <ClCompile Include="E:\MU\OgreMain\src\OgreGpuProgramManager.cpp">
      <Filter>Source Files</Filter>
    </ClCompile>
    <ClCompile Include="E:\MU\OgreMain\src\OgreGpuProgramParams.cpp">
      <Filter>Source Files</Filter>
    </ClCompile>
    <ClCompile Include="E:\MU\OgreMain\src\OgreGpuProgramUsage.cpp">
      <Filter>Source Files</Filter>
    </ClCompile>
    <ClCompile Include="E:\MU\OgreMain\src\OgreHardwareBufferManager.cpp">
      <Filter>Source Files</Filter>
    </ClCompile>
    <ClCompile Include="E:\MU\OgreMain\src\OgreHardwareCounterBuffer.cpp">
      <Filter>Source Files</Filter>
    </ClCompile>
    <ClCompile Include="E:\MU\OgreMain\src\OgreHardwareIndexBuffer.cpp">
      <Filter>Source Files</Filter>
    </ClCompile>
    <ClCompile Include="E:\MU\OgreMain\src\OgreHardwareOcclusionQuery.cpp">
      <Filter>Source Files</Filter>
    </ClCompile>
    <ClCompile Include="E:\MU\OgreMain\src\OgreHardwarePixelBuffer.cpp">
      <Filter>Source Files</Filter>
    </ClCompile>
    <ClCompile Include="E:\MU\OgreMain\src\OgreHardwareUniformBuffer.cpp">
      <Filter>Source Files</Filter>
    </ClCompile>
    <ClCompile Include="E:\MU\OgreMain\src\OgreHardwareVertexBuffer.cpp">
      <Filter>Source Files</Filter>
    </ClCompile>
    <ClCompile Include="E:\MU\OgreMain\src\OgreHighLevelGpuProgram.cpp">
      <Filter>Source Files</Filter>
    </ClCompile>
    <ClCompile Include="E:\MU\OgreMain\src\OgreHighLevelGpuProgramManager.cpp">
      <Filter>Source Files</Filter>
    </ClCompile>
    <ClCompile Include="E:\MU\OgreMain\src\OgreImage.cpp">
      <Filter>Source Files</Filter>
    </ClCompile>
    <ClCompile Include="E:\MU\OgreMain\src\OgreInstanceBatch.cpp">
      <Filter>Source Files</Filter>
    </ClCompile>
    <ClCompile Include="E:\MU\OgreMain\src\OgreInstanceBatchHW.cpp">
      <Filter>Source Files</Filter>
    </ClCompile>
    <ClCompile Include="E:\MU\OgreMain\src\OgreInstanceBatchHW_VTF.cpp">
      <Filter>Source Files</Filter>
    </ClCompile>
    <ClCompile Include="E:\MU\OgreMain\src\OgreInstanceBatchShader.cpp">
      <Filter>Source Files</Filter>
    </ClCompile>
    <ClCompile Include="E:\MU\OgreMain\src\OgreInstanceBatchVTF.cpp">
      <Filter>Source Files</Filter>
    </ClCompile>
    <ClCompile Include="E:\MU\OgreMain\src\OgreInstancedEntity.cpp">
      <Filter>Source Files</Filter>
    </ClCompile>
    <ClCompile Include="E:\MU\OgreMain\src\OgreInstancedGeometry.cpp">
      <Filter>Source Files</Filter>
    </ClCompile>
    <ClCompile Include="E:\MU\OgreMain\src\OgreInstanceManager.cpp">
      <Filter>Source Files</Filter>
    </ClCompile>
    <ClCompile Include="E:\MU\OgreMain\src\OgreKeyFrame.cpp">
      <Filter>Source Files</Filter>
    </ClCompile>
    <ClCompile Include="E:\MU\OgreMain\src\OgreLight.cpp">
      <Filter>Source Files</Filter>
    </ClCompile>
    <ClCompile Include="E:\MU\OgreMain\src\OgreLodStrategy.cpp">
      <Filter>Source Files</Filter>
    </ClCompile>
    <ClCompile Include="E:\MU\OgreMain\src\OgreLodStrategyManager.cpp">
      <Filter>Source Files</Filter>
    </ClCompile>
    <ClCompile Include="E:\MU\OgreMain\src\OgreLog.cpp">
      <Filter>Source Files</Filter>
    </ClCompile>
    <ClCompile Include="E:\MU\OgreMain\src\OgreLogManager.cpp">
      <Filter>Source Files</Filter>
    </ClCompile>
    <ClCompile Include="E:\MU\OgreMain\src\OgreManualObject.cpp">
      <Filter>Source Files</Filter>
    </ClCompile>
    <ClCompile Include="E:\MU\OgreMain\src\OgreMaterial.cpp">
      <Filter>Source Files</Filter>
    </ClCompile>
    <ClCompile Include="E:\MU\OgreMain\src\OgreMaterialManager.cpp">
      <Filter>Source Files</Filter>
    </ClCompile>
    <ClCompile Include="E:\MU\OgreMain\src\OgreMaterialSerializer.cpp">
      <Filter>Source Files</Filter>
    </ClCompile>
    <ClCompile Include="E:\MU\OgreMain\src\OgreMath.cpp">
      <Filter>Source Files</Filter>
    </ClCompile>
    <ClCompile Include="E:\MU\OgreMain\src\OgreMatrix3.cpp">
      <Filter>Source Files</Filter>
    </ClCompile>
    <ClCompile Include="E:\MU\OgreMain\src\OgreMatrix4.cpp">
      <Filter>Source Files</Filter>
    </ClCompile>
    <ClCompile Include="E:\MU\OgreMain\src\OgreMemoryAllocatedObject.cpp">
      <Filter>Source Files</Filter>
    </ClCompile>
    <ClCompile Include="E:\MU\OgreMain\src\OgreMemoryNedAlloc.cpp">
      <Filter>Source Files</Filter>
    </ClCompile>
    <ClCompile Include="E:\MU\OgreMain\src\OgreMemoryNedPooling.cpp">
      <Filter>Source Files</Filter>
    </ClCompile>
    <ClCompile Include="E:\MU\OgreMain\src\OgreMemoryTracker.cpp">
      <Filter>Source Files</Filter>
    </ClCompile>
    <ClCompile Include="E:\MU\OgreMain\src\OgreMesh.cpp">
      <Filter>Source Files</Filter>
    </ClCompile>
    <ClCompile Include="E:\MU\OgreMain\src\OgreMeshManager.cpp">
      <Filter>Source Files</Filter>
    </ClCompile>
    <ClCompile Include="E:\MU\OgreMain\src\OgreMeshSerializer.cpp">
      <Filter>Source Files</Filter>
    </ClCompile>
    <ClCompile Include="E:\MU\OgreMain\src\OgreMeshSerializerImpl.cpp">
      <Filter>Source Files</Filter>
    </ClCompile>
    <ClCompile Include="E:\MU\OgreMain\src\OgreMovableObject.cpp">
      <Filter>Source Files</Filter>
    </ClCompile>
    <ClCompile Include="E:\MU\OgreMain\src\OgreMovablePlane.cpp">
      <Filter>Source Files</Filter>
    </ClCompile>
    <ClCompile Include="E:\MU\OgreMain\src\OgreNode.cpp">
      <Filter>Source Files</Filter>
    </ClCompile>
    <ClCompile Include="E:\MU\OgreMain\src\OgreNumerics.cpp">
      <Filter>Source Files</Filter>
    </ClCompile>
    <ClCompile Include="E:\MU\OgreMain\src\OgreOptimisedUtil.cpp">
      <Filter>Source Files</Filter>
    </ClCompile>
    <ClCompile Include="E:\MU\OgreMain\src\OgreOptimisedUtilGeneral.cpp">
      <Filter>Source Files</Filter>
    </ClCompile>
    <ClCompile Include="E:\MU\OgreMain\src\OgreOptimisedUtilSSE.cpp">
      <Filter>Source Files</Filter>
    </ClCompile>
    <ClCompile Include="E:\MU\OgreMain\src\OgreParticle.cpp">
      <Filter>Source Files</Filter>
    </ClCompile>
    <ClCompile Include="E:\MU\OgreMain\src\OgreParticleEmitter.cpp">
      <Filter>Source Files</Filter>
    </ClCompile>
    <ClCompile Include="E:\MU\OgreMain\src\OgreParticleEmitterCommands.cpp">
      <Filter>Source Files</Filter>
    </ClCompile>
    <ClCompile Include="E:\MU\OgreMain\src\OgreParticleIterator.cpp">
      <Filter>Source Files</Filter>
    </ClCompile>
    <ClCompile Include="E:\MU\OgreMain\src\OgreParticleSystem.cpp">
      <Filter>Source Files</Filter>
    </ClCompile>
    <ClCompile Include="E:\MU\OgreMain\src\OgreParticleSystemManager.cpp">
      <Filter>Source Files</Filter>
    </ClCompile>
    <ClCompile Include="E:\MU\OgreMain\src\OgrePass.cpp">
      <Filter>Source Files</Filter>
    </ClCompile>
    <ClCompile Include="E:\MU\OgreMain\src\OgrePatchMesh.cpp">
      <Filter>Source Files</Filter>
    </ClCompile>
    <ClCompile Include="E:\MU\OgreMain\src\OgrePatchSurface.cpp">
      <Filter>Source Files</Filter>
    </ClCompile>
    <ClCompile Include="E:\MU\OgreMain\src\OgrePixelCountLodStrategy.cpp">
      <Filter>Source Files</Filter>
    </ClCompile>
    <ClCompile Include="E:\MU\OgreMain\src\OgrePixelFormat.cpp">
      <Filter>Source Files</Filter>
    </ClCompile>
    <ClCompile Include="E:\MU\OgreMain\src\OgrePlane.cpp">
      <Filter>Source Files</Filter>
    </ClCompile>
    <ClCompile Include="E:\MU\OgreMain\src\OgrePlatformInformation.cpp">
      <Filter>Source Files</Filter>
    </ClCompile>
    <ClCompile Include="E:\MU\OgreMain\src\OgrePolygon.cpp">
      <Filter>Source Files</Filter>
    </ClCompile>
    <ClCompile Include="E:\MU\OgreMain\src\OgrePose.cpp">
      <Filter>Source Files</Filter>
    </ClCompile>
    <ClCompile Include="E:\MU\OgreMain\src\OgrePrecompiledHeaders.cpp">
      <Filter>Source Files</Filter>
    </ClCompile>
    <ClCompile Include="E:\MU\OgreMain\src\OgrePredefinedControllers.cpp">
      <Filter>Source Files</Filter>
    </ClCompile>
    <ClCompile Include="E:\MU\OgreMain\src\OgrePrefabFactory.cpp">
      <Filter>Source Files</Filter>
    </ClCompile>
    <ClCompile Include="E:\MU\OgreMain\src\OgreProfiler.cpp">
      <Filter>Source Files</Filter>
    </ClCompile>
    <ClCompile Include="E:\MU\OgreMain\src\OgreQuaternion.cpp">
      <Filter>Source Files</Filter>
    </ClCompile>
    <ClCompile Include="E:\MU\OgreMain\src\OgreRectangle2D.cpp">
      <Filter>Source Files</Filter>
    </ClCompile>
    <ClCompile Include="E:\MU\OgreMain\src\OgreRenderQueue.cpp">
      <Filter>Source Files</Filter>
    </ClCompile>
    <ClCompile Include="E:\MU\OgreMain\src\OgreRenderQueueInvocation.cpp">
      <Filter>Source Files</Filter>
    </ClCompile>
    <ClCompile Include="E:\MU\OgreMain\src\OgreRenderQueueSortingGrouping.cpp">
      <Filter>Source Files</Filter>
    </ClCompile>
    <ClCompile Include="E:\MU\OgreMain\src\OgreRenderSystem.cpp">
      <Filter>Source Files</Filter>
    </ClCompile>
    <ClCompile Include="E:\MU\OgreMain\src\OgreRenderSystemCapabilities.cpp">
      <Filter>Source Files</Filter>
    </ClCompile>
    <ClCompile Include="E:\MU\OgreMain\src\OgreRenderSystemCapabilitiesManager.cpp">
      <Filter>Source Files</Filter>
    </ClCompile>
    <ClCompile Include="E:\MU\OgreMain\src\OgreRenderSystemCapabilitiesSerializer.cpp">
      <Filter>Source Files</Filter>
    </ClCompile>
    <ClCompile Include="E:\MU\OgreMain\src\OgreRenderTarget.cpp">
      <Filter>Source Files</Filter>
    </ClCompile>
    <ClCompile Include="E:\MU\OgreMain\src\OgreRenderTexture.cpp">
      <Filter>Source Files</Filter>
    </ClCompile>
    <ClCompile Include="E:\MU\OgreMain\src\OgreRenderToVertexBuffer.cpp">
      <Filter>Source Files</Filter>
    </ClCompile>
    <ClCompile Include="E:\MU\OgreMain\src\OgreRenderWindow.cpp">
      <Filter>Source Files</Filter>
    </ClCompile>
    <ClCompile Include="E:\MU\OgreMain\src\OgreResource.cpp">
      <Filter>Source Files</Filter>
    </ClCompile>
    <ClCompile Include="E:\MU\OgreMain\src\OgreResourceBackgroundQueue.cpp">
      <Filter>Source Files</Filter>
    </ClCompile>
    <ClCompile Include="E:\MU\OgreMain\src\OgreResourceGroupManager.cpp">
      <Filter>Source Files</Filter>
    </ClCompile>
    <ClCompile Include="E:\MU\OgreMain\src\OgreResourceManager.cpp">
      <Filter>Source Files</Filter>
    </ClCompile>
    <ClCompile Include="E:\MU\OgreMain\src\OgreRibbonTrail.cpp">
      <Filter>Source Files</Filter>
    </ClCompile>
    <ClCompile Include="E:\MU\OgreMain\src\OgreRoot.cpp">
      <Filter>Source Files</Filter>
    </ClCompile>
    <ClCompile Include="E:\MU\OgreMain\src\OgreRotationSpline.cpp">
      <Filter>Source Files</Filter>
    </ClCompile>
    <ClCompile Include="E:\MU\OgreMain\src\OgreSceneManager.cpp">
      <Filter>Source Files</Filter>
    </ClCompile>
    <ClCompile Include="E:\MU\OgreMain\src\OgreSceneManagerEnumerator.cpp">
      <Filter>Source Files</Filter>
    </ClCompile>
    <ClCompile Include="E:\MU\OgreMain\src\OgreSceneNode.cpp">
      <Filter>Source Files</Filter>
    </ClCompile>
    <ClCompile Include="E:\MU\OgreMain\src\OgreSceneQuery.cpp">
      <Filter>Source Files</Filter>
    </ClCompile>
    <ClCompile Include="E:\MU\OgreMain\src\OgreScriptCompiler.cpp">
      <Filter>Source Files</Filter>
    </ClCompile>
    <ClCompile Include="E:\MU\OgreMain\src\OgreScriptLexer.cpp">
      <Filter>Source Files</Filter>
    </ClCompile>
    <ClCompile Include="E:\MU\OgreMain\src\OgreScriptParser.cpp">
      <Filter>Source Files</Filter>
    </ClCompile>
    <ClCompile Include="E:\MU\OgreMain\src\OgreScriptTranslator.cpp">
      <Filter>Source Files</Filter>
    </ClCompile>
    <ClCompile Include="E:\MU\OgreMain\src\OgreSerializer.cpp">
      <Filter>Source Files</Filter>
    </ClCompile>
    <ClCompile Include="E:\MU\OgreMain\src\OgreShadowCameraSetup.cpp">
      <Filter>Source Files</Filter>
    </ClCompile>
    <ClCompile Include="E:\MU\OgreMain\src\OgreShadowCameraSetupFocused.cpp">
      <Filter>Source Files</Filter>
    </ClCompile>
    <ClCompile Include="E:\MU\OgreMain\src\OgreShadowCameraSetupLiSPSM.cpp">
      <Filter>Source Files</Filter>
    </ClCompile>
    <ClCompile Include="E:\MU\OgreMain\src\OgreShadowCameraSetupPlaneOptimal.cpp">
      <Filter>Source Files</Filter>
    </ClCompile>
    <ClCompile Include="E:\MU\OgreMain\src\OgreShadowCameraSetupPSSM.cpp">
      <Filter>Source Files</Filter>
    </ClCompile>
    <ClCompile Include="E:\MU\OgreMain\src\OgreShadowCaster.cpp">
      <Filter>Source Files</Filter>
    </ClCompile>
    <ClCompile Include="E:\MU\OgreMain\src\OgreShadowTextureManager.cpp">
      <Filter>Source Files</Filter>
    </ClCompile>
    <ClCompile Include="E:\MU\OgreMain\src\OgreShadowVolumeExtrudeProgram.cpp">
      <Filter>Source Files</Filter>
    </ClCompile>
    <ClCompile Include="E:\MU\OgreMain\src\OgreSimpleRenderable.cpp">
      <Filter>Source Files</Filter>
    </ClCompile>
    <ClCompile Include="E:\MU\OgreMain\src\OgreSimpleSpline.cpp">
      <Filter>Source Files</Filter>
    </ClCompile>
    <ClCompile Include="E:\MU\OgreMain\src\OgreSkeleton.cpp">
      <Filter>Source Files</Filter>
    </ClCompile>
    <ClCompile Include="E:\MU\OgreMain\src\OgreSkeletonInstance.cpp">
      <Filter>Source Files</Filter>
    </ClCompile>
    <ClCompile Include="E:\MU\OgreMain\src\OgreSkeletonManager.cpp">
      <Filter>Source Files</Filter>
    </ClCompile>
    <ClCompile Include="E:\MU\OgreMain\src\OgreSkeletonSerializer.cpp">
      <Filter>Source Files</Filter>
    </ClCompile>
    <ClCompile Include="E:\MU\OgreMain\src\OgreStaticGeometry.cpp">
      <Filter>Source Files</Filter>
    </ClCompile>
    <ClCompile Include="E:\MU\OgreMain\src\OgreStreamSerialiser.cpp">
      <Filter>Source Files</Filter>
    </ClCompile>
    <ClCompile Include="E:\MU\OgreMain\src\OgreString.cpp">
      <Filter>Source Files</Filter>
    </ClCompile>
    <ClCompile Include="E:\MU\OgreMain\src\OgreStringConverter.cpp">
      <Filter>Source Files</Filter>
    </ClCompile>
    <ClCompile Include="E:\MU\OgreMain\src\OgreStringInterface.cpp">
      <Filter>Source Files</Filter>
    </ClCompile>
    <ClCompile Include="E:\MU\OgreMain\src\OgreSubEntity.cpp">
      <Filter>Source Files</Filter>
    </ClCompile>
    <ClCompile Include="E:\MU\OgreMain\src\OgreSubMesh.cpp">
      <Filter>Source Files</Filter>
    </ClCompile>
    <ClCompile Include="E:\MU\OgreMain\src\OgreTagPoint.cpp">
      <Filter>Source Files</Filter>
    </ClCompile>
    <ClCompile Include="E:\MU\OgreMain\src\OgreTangentSpaceCalc.cpp">
      <Filter>Source Files</Filter>
    </ClCompile>
    <ClCompile Include="E:\MU\OgreMain\src\OgreTechnique.cpp">
      <Filter>Source Files</Filter>
    </ClCompile>
    <ClCompile Include="E:\MU\OgreMain\src\OgreTexture.cpp">
      <Filter>Source Files</Filter>
    </ClCompile>
    <ClCompile Include="E:\MU\OgreMain\src\OgreTextureManager.cpp">
      <Filter>Source Files</Filter>
    </ClCompile>
    <ClCompile Include="E:\MU\OgreMain\src\OgreTextureUnitState.cpp">
      <Filter>Source Files</Filter>
    </ClCompile>
    <ClCompile Include="E:\MU\OgreMain\src\OgreUnifiedHighLevelGpuProgram.cpp">
      <Filter>Source Files</Filter>
    </ClCompile>
    <ClCompile Include="E:\MU\OgreMain\src\OgreUserObjectBindings.cpp">
      <Filter>Source Files</Filter>
    </ClCompile>
    <ClCompile Include="E:\MU\OgreMain\src\OgreUTFString.cpp">
      <Filter>Source Files</Filter>
    </ClCompile>
    <ClCompile Include="E:\MU\OgreMain\src\OgreVector2.cpp">
      <Filter>Source Files</Filter>
    </ClCompile>
    <ClCompile Include="E:\MU\OgreMain\src\OgreVector3.cpp">
      <Filter>Source Files</Filter>
    </ClCompile>
    <ClCompile Include="E:\MU\OgreMain\src\OgreVector4.cpp">
      <Filter>Source Files</Filter>
    </ClCompile>
    <ClCompile Include="E:\MU\OgreMain\src\OgreVertexIndexData.cpp">
      <Filter>Source Files</Filter>
    </ClCompile>
    <ClCompile Include="E:\MU\OgreMain\src\OgreViewport.cpp">
      <Filter>Source Files</Filter>
    </ClCompile>
    <ClCompile Include="E:\MU\OgreMain\src\OgreWindowEventUtilities.cpp">
      <Filter>Source Files</Filter>
    </ClCompile>
    <ClCompile Include="E:\MU\OgreMain\src\OgreWireBoundingBox.cpp">
      <Filter>Source Files</Filter>
    </ClCompile>
    <ClCompile Include="E:\MU\OgreMain\src\OgreWorkQueue.cpp">
      <Filter>Source Files</Filter>
    </ClCompile>
    <ClCompile Include="E:\MU\OgreMain\src\OgreFreeImageCodec.cpp">
      <Filter>Source Files</Filter>
    </ClCompile>
    <ClCompile Include="E:\MU\OgreMain\src\OgreDDSCodec.cpp">
      <Filter>Source Files</Filter>
    </ClCompile>
    <ClCompile Include="E:\MU\OgreMain\src\OgreZip.cpp">
      <Filter>Source Files</Filter>
    </ClCompile>
    <ClCompile Include="E:\MU\OgreMain\src\WIN32\OgreConfigDialog.cpp">
      <Filter>Source Files</Filter>
    </ClCompile>
    <ClCompile Include="E:\MU\OgreMain\src\WIN32\OgreErrorDialog.cpp">
      <Filter>Source Files</Filter>
    </ClCompile>
    <ClCompile Include="E:\MU\OgreMain\src\WIN32\OgreFileSystemLayer.cpp">
      <Filter>Source Files</Filter>
    </ClCompile>
    <ClCompile Include="E:\MU\OgreMain\src\WIN32\OgreTimer.cpp">
      <Filter>Source Files</Filter>
    </ClCompile>
    <ClCompile Include="E:\MU\OgreMain\src\Threading\OgreDefaultWorkQueueStandard.cpp">
      <Filter>Source Files</Filter>
    </ClCompile>
    <ClCompile Include="E:\MU\OgreMain\src\OgreArchive.cpp" />
    <ClCompile Include="E:\MU\OgreMain\src\WIN32\OgreOptimisedUtilDirectXMath.cpp" />
  </ItemGroup>
  <ItemGroup>
    <ClInclude Include="E:\MU\OgreMain\include\asm_math.h">
      <Filter>Header Files</Filter>
    </ClInclude>
    <ClInclude Include="E:\MU\OgreMain\include\Ogre.h">
      <Filter>Header Files</Filter>
    </ClInclude>
    <ClInclude Include="E:\MU\OgreMain\include\OgreAlignedAllocator.h">
      <Filter>Header Files</Filter>
    </ClInclude>
    <ClInclude Include="E:\MU\OgreMain\include\OgreAnimable.h">
      <Filter>Header Files</Filter>
    </ClInclude>
    <ClInclude Include="E:\MU\OgreMain\include\OgreAnimation.h">
      <Filter>Header Files</Filter>
    </ClInclude>
    <ClInclude Include="E:\MU\OgreMain\include\OgreAnimationState.h">
      <Filter>Header Files</Filter>
    </ClInclude>
    <ClInclude Include="E:\MU\OgreMain\include\OgreAnimationTrack.h">
      <Filter>Header Files</Filter>
    </ClInclude>
    <ClInclude Include="E:\MU\OgreMain\include\OgreAny.h">
      <Filter>Header Files</Filter>
    </ClInclude>
    <ClInclude Include="E:\MU\OgreMain\include\OgreArchive.h">
      <Filter>Header Files</Filter>
    </ClInclude>
    <ClInclude Include="E:\MU\OgreMain\include\OgreArchiveFactory.h">
      <Filter>Header Files</Filter>
    </ClInclude>
    <ClInclude Include="E:\MU\OgreMain\include\OgreArchiveManager.h">
      <Filter>Header Files</Filter>
    </ClInclude>
    <ClInclude Include="E:\MU\OgreMain\include\OgreAtomicObject.h">
      <Filter>Header Files</Filter>
    </ClInclude>
    <ClInclude Include="E:\MU\OgreMain\include\OgreAtomicScalar.h">
      <Filter>Header Files</Filter>
    </ClInclude>
    <ClInclude Include="E:\MU\OgreMain\include\OgreAutoParamDataSource.h">
      <Filter>Header Files</Filter>
    </ClInclude>
    <ClInclude Include="E:\MU\OgreMain\include\OgreAxisAlignedBox.h">
      <Filter>Header Files</Filter>
    </ClInclude>
    <ClInclude Include="E:\MU\OgreMain\include\OgreBillboard.h">
      <Filter>Header Files</Filter>
    </ClInclude>
    <ClInclude Include="E:\MU\OgreMain\include\OgreBillboardChain.h">
      <Filter>Header Files</Filter>
    </ClInclude>
    <ClInclude Include="E:\MU\OgreMain\include\OgreBillboardParticleRenderer.h">
      <Filter>Header Files</Filter>
    </ClInclude>
    <ClInclude Include="E:\MU\OgreMain\include\OgreBillboardSet.h">
      <Filter>Header Files</Filter>
    </ClInclude>
    <ClInclude Include="E:\MU\OgreMain\include\OgreBitwise.h">
      <Filter>Header Files</Filter>
    </ClInclude>
    <ClInclude Include="E:\MU\OgreMain\include\OgreBlendMode.h">
      <Filter>Header Files</Filter>
    </ClInclude>
    <ClInclude Include="E:\MU\OgreMain\include\OgreBone.h">
      <Filter>Header Files</Filter>
    </ClInclude>
    <ClInclude Include="E:\MU\OgreMain\include\OgreCamera.h">
      <Filter>Header Files</Filter>
    </ClInclude>
    <ClInclude Include="E:\MU\OgreMain\include\OgreCodec.h">
      <Filter>Header Files</Filter>
    </ClInclude>
    <ClInclude Include="E:\MU\OgreMain\include\OgreColourValue.h">
      <Filter>Header Files</Filter>
    </ClInclude>
    <ClInclude Include="E:\MU\OgreMain\include\OgreCommon.h">
      <Filter>Header Files</Filter>
    </ClInclude>
    <ClInclude Include="E:\MU\OgreMain\include\OgreCompositionPass.h">
      <Filter>Header Files</Filter>
    </ClInclude>
    <ClInclude Include="E:\MU\OgreMain\include\OgreCompositionTargetPass.h">
      <Filter>Header Files</Filter>
    </ClInclude>
    <ClInclude Include="E:\MU\OgreMain\include\OgreCompositionTechnique.h">
      <Filter>Header Files</Filter>
    </ClInclude>
    <ClInclude Include="E:\MU\OgreMain\include\OgreCompositor.h">
      <Filter>Header Files</Filter>
    </ClInclude>
    <ClInclude Include="E:\MU\OgreMain\include\OgreCompositorChain.h">
      <Filter>Header Files</Filter>
    </ClInclude>
    <ClInclude Include="E:\MU\OgreMain\include\OgreCompositorInstance.h">
      <Filter>Header Files</Filter>
    </ClInclude>
    <ClInclude Include="E:\MU\OgreMain\include\OgreCompositorLogic.h">
      <Filter>Header Files</Filter>
    </ClInclude>
    <ClInclude Include="E:\MU\OgreMain\include\OgreCompositorManager.h">
      <Filter>Header Files</Filter>
    </ClInclude>
    <ClInclude Include="E:\MU\OgreMain\include\OgreConfig.h">
      <Filter>Header Files</Filter>
    </ClInclude>
    <ClInclude Include="E:\MU\OgreMain\include\OgreConfigDialog.h">
      <Filter>Header Files</Filter>
    </ClInclude>
    <ClInclude Include="E:\MU\OgreMain\include\OgreConfigFile.h">
      <Filter>Header Files</Filter>
    </ClInclude>
    <ClInclude Include="E:\MU\OgreMain\include\OgreConfigOptionMap.h">
      <Filter>Header Files</Filter>
    </ClInclude>
    <ClInclude Include="E:\MU\OgreMain\include\OgreController.h">
      <Filter>Header Files</Filter>
    </ClInclude>
    <ClInclude Include="E:\MU\OgreMain\include\OgreControllerManager.h">
      <Filter>Header Files</Filter>
    </ClInclude>
    <ClInclude Include="E:\MU\OgreMain\include\OgreConvexBody.h">
      <Filter>Header Files</Filter>
    </ClInclude>
    <ClInclude Include="E:\MU\OgreMain\include\OgreCustomCompositionPass.h">
      <Filter>Header Files</Filter>
    </ClInclude>
    <ClInclude Include="E:\MU\OgreMain\include\OgreDataStream.h">
      <Filter>Header Files</Filter>
    </ClInclude>
    <ClInclude Include="E:\MU\OgreMain\include\OgreDefaultHardwareBufferManager.h">
      <Filter>Header Files</Filter>
    </ClInclude>
    <ClInclude Include="E:\MU\OgreMain\include\OgreDeflate.h">
      <Filter>Header Files</Filter>
    </ClInclude>
    <ClInclude Include="E:\MU\OgreMain\include\OgreDepthBuffer.h">
      <Filter>Header Files</Filter>
    </ClInclude>
    <ClInclude Include="E:\MU\OgreMain\include\OgreDistanceLodStrategy.h">
      <Filter>Header Files</Filter>
    </ClInclude>
    <ClInclude Include="E:\MU\OgreMain\include\OgreDualQuaternion.h">
      <Filter>Header Files</Filter>
    </ClInclude>
    <ClInclude Include="E:\MU\OgreMain\include\OgreDynLib.h">
      <Filter>Header Files</Filter>
    </ClInclude>
    <ClInclude Include="E:\MU\OgreMain\include\OgreDynLibManager.h">
      <Filter>Header Files</Filter>
    </ClInclude>
    <ClInclude Include="E:\MU\OgreMain\include\OgreEdgeListBuilder.h">
      <Filter>Header Files</Filter>
    </ClInclude>
    <ClInclude Include="E:\MU\OgreMain\include\OgreEntity.h">
      <Filter>Header Files</Filter>
    </ClInclude>
    <ClInclude Include="E:\MU\OgreMain\include\OgreErrorDialog.h">
      <Filter>Header Files</Filter>
    </ClInclude>
    <ClInclude Include="E:\MU\OgreMain\include\OgreException.h">
      <Filter>Header Files</Filter>
    </ClInclude>
    <ClInclude Include="E:\MU\OgreMain\include\OgreExternalTextureSource.h">
      <Filter>Header Files</Filter>
    </ClInclude>
    <ClInclude Include="E:\MU\OgreMain\include\OgreExternalTextureSourceManager.h">
      <Filter>Header Files</Filter>
    </ClInclude>
    <ClInclude Include="E:\MU\OgreMain\include\OgreFactoryObj.h">
      <Filter>Header Files</Filter>
    </ClInclude>
    <ClInclude Include="E:\MU\OgreMain\include\OgreFileSystem.h">
      <Filter>Header Files</Filter>
    </ClInclude>
    <ClInclude Include="E:\MU\OgreMain\include\OgreFileSystemLayer.h">
      <Filter>Header Files</Filter>
    </ClInclude>
    <ClInclude Include="E:\MU\OgreMain\include\OgreFrameListener.h">
      <Filter>Header Files</Filter>
    </ClInclude>
    <ClInclude Include="E:\MU\OgreMain\include\OgreFrustum.h">
      <Filter>Header Files</Filter>
    </ClInclude>
    <ClInclude Include="E:\MU\OgreMain\include\OgreGpuProgram.h">
      <Filter>Header Files</Filter>
    </ClInclude>
    <ClInclude Include="E:\MU\OgreMain\include\OgreGpuProgramManager.h">
      <Filter>Header Files</Filter>
    </ClInclude>
    <ClInclude Include="E:\MU\OgreMain\include\OgreGpuProgramParams.h">
      <Filter>Header Files</Filter>
    </ClInclude>
    <ClInclude Include="E:\MU\OgreMain\include\OgreGpuProgramUsage.h">
      <Filter>Header Files</Filter>
    </ClInclude>
    <ClInclude Include="E:\MU\OgreMain\include\OgreHardwareBuffer.h">
      <Filter>Header Files</Filter>
    </ClInclude>
    <ClInclude Include="E:\MU\OgreMain\include\OgreHardwareBufferManager.h">
      <Filter>Header Files</Filter>
    </ClInclude>
    <ClInclude Include="E:\MU\OgreMain\include\OgreHardwareCounterBuffer.h">
      <Filter>Header Files</Filter>
    </ClInclude>
    <ClInclude Include="E:\MU\OgreMain\include\OgreHardwareIndexBuffer.h">
      <Filter>Header Files</Filter>
    </ClInclude>
    <ClInclude Include="E:\MU\OgreMain\include\OgreHardwareOcclusionQuery.h">
      <Filter>Header Files</Filter>
    </ClInclude>
    <ClInclude Include="E:\MU\OgreMain\include\OgreHardwarePixelBuffer.h">
      <Filter>Header Files</Filter>
    </ClInclude>
    <ClInclude Include="E:\MU\OgreMain\include\OgreHardwareUniformBuffer.h">
      <Filter>Header Files</Filter>
    </ClInclude>
    <ClInclude Include="E:\MU\OgreMain\include\OgreHardwareVertexBuffer.h">
      <Filter>Header Files</Filter>
    </ClInclude>
    <ClInclude Include="E:\MU\OgreMain\include\OgreHeaderPrefix.h">
      <Filter>Header Files</Filter>
    </ClInclude>
    <ClInclude Include="E:\MU\OgreMain\include\OgreHeaderSuffix.h">
      <Filter>Header Files</Filter>
    </ClInclude>
    <ClInclude Include="E:\MU\OgreMain\include\OgreHighLevelGpuProgram.h">
      <Filter>Header Files</Filter>
    </ClInclude>
    <ClInclude Include="E:\MU\OgreMain\include\OgreHighLevelGpuProgramManager.h">
      <Filter>Header Files</Filter>
    </ClInclude>
    <ClInclude Include="E:\MU\OgreMain\include\OgreImage.h">
      <Filter>Header Files</Filter>
    </ClInclude>
    <ClInclude Include="E:\MU\OgreMain\include\OgreImageCodec.h">
      <Filter>Header Files</Filter>
    </ClInclude>
    <ClInclude Include="E:\MU\OgreMain\include\OgreInstanceBatch.h">
      <Filter>Header Files</Filter>
    </ClInclude>
    <ClInclude Include="E:\MU\OgreMain\include\OgreInstanceBatchHW.h">
      <Filter>Header Files</Filter>
    </ClInclude>
    <ClInclude Include="E:\MU\OgreMain\include\OgreInstanceBatchHW_VTF.h">
      <Filter>Header Files</Filter>
    </ClInclude>
    <ClInclude Include="E:\MU\OgreMain\include\OgreInstanceBatchShader.h">
      <Filter>Header Files</Filter>
    </ClInclude>
    <ClInclude Include="E:\MU\OgreMain\include\OgreInstanceBatchVTF.h">
      <Filter>Header Files</Filter>
    </ClInclude>
    <ClInclude Include="E:\MU\OgreMain\include\OgreInstancedEntity.h">
      <Filter>Header Files</Filter>
    </ClInclude>
    <ClInclude Include="E:\MU\OgreMain\include\OgreInstancedGeometry.h">
      <Filter>Header Files</Filter>
    </ClInclude>
    <ClInclude Include="E:\MU\OgreMain\include\OgreInstanceManager.h">
      <Filter>Header Files</Filter>
    </ClInclude>
    <ClInclude Include="E:\MU\OgreMain\include\OgreIteratorRange.h">
      <Filter>Header Files</Filter>
    </ClInclude>
    <ClInclude Include="E:\MU\OgreMain\include\OgreIteratorWrapper.h">
      <Filter>Header Files</Filter>
    </ClInclude>
    <ClInclude Include="E:\MU\OgreMain\include\OgreIteratorWrappers.h">
      <Filter>Header Files</Filter>
    </ClInclude>
    <ClInclude Include="E:\MU\OgreMain\include\OgreKeyFrame.h">
      <Filter>Header Files</Filter>
    </ClInclude>
    <ClInclude Include="E:\MU\OgreMain\include\OgreLight.h">
      <Filter>Header Files</Filter>
    </ClInclude>
    <ClInclude Include="E:\MU\OgreMain\include\OgreLodListener.h">
      <Filter>Header Files</Filter>
    </ClInclude>
    <ClInclude Include="E:\MU\OgreMain\include\OgreLodStrategy.h">
      <Filter>Header Files</Filter>
    </ClInclude>
    <ClInclude Include="E:\MU\OgreMain\include\OgreLodStrategyManager.h">
      <Filter>Header Files</Filter>
    </ClInclude>
    <ClInclude Include="E:\MU\OgreMain\include\OgreLog.h">
      <Filter>Header Files</Filter>
    </ClInclude>
    <ClInclude Include="E:\MU\OgreMain\include\OgreLogManager.h">
      <Filter>Header Files</Filter>
    </ClInclude>
    <ClInclude Include="E:\MU\OgreMain\include\OgreManualObject.h">
      <Filter>Header Files</Filter>
    </ClInclude>
    <ClInclude Include="E:\MU\OgreMain\include\OgreMaterial.h">
      <Filter>Header Files</Filter>
    </ClInclude>
    <ClInclude Include="E:\MU\OgreMain\include\OgreMaterialManager.h">
      <Filter>Header Files</Filter>
    </ClInclude>
    <ClInclude Include="E:\MU\OgreMain\include\OgreMaterialSerializer.h">
      <Filter>Header Files</Filter>
    </ClInclude>
    <ClInclude Include="E:\MU\OgreMain\include\OgreMath.h">
      <Filter>Header Files</Filter>
    </ClInclude>
    <ClInclude Include="E:\MU\OgreMain\include\OgreMatrix3.h">
      <Filter>Header Files</Filter>
    </ClInclude>
    <ClInclude Include="E:\MU\OgreMain\include\OgreMatrix4.h">
      <Filter>Header Files</Filter>
    </ClInclude>
    <ClInclude Include="E:\MU\OgreMain\include\OgreMemoryAllocatedObject.h">
      <Filter>Header Files</Filter>
    </ClInclude>
    <ClInclude Include="E:\MU\OgreMain\include\OgreMemoryAllocatorConfig.h">
      <Filter>Header Files</Filter>
    </ClInclude>
    <ClInclude Include="E:\MU\OgreMain\include\OgreMemoryNedAlloc.h">
      <Filter>Header Files</Filter>
    </ClInclude>
    <ClInclude Include="E:\MU\OgreMain\include\OgreMemoryNedPooling.h">
      <Filter>Header Files</Filter>
    </ClInclude>
    <ClInclude Include="E:\MU\OgreMain\include\OgreMemoryStdAlloc.h">
      <Filter>Header Files</Filter>
    </ClInclude>
    <ClInclude Include="E:\MU\OgreMain\include\OgreMemorySTLAllocator.h">
      <Filter>Header Files</Filter>
    </ClInclude>
    <ClInclude Include="E:\MU\OgreMain\include\OgreMemoryTracker.h">
      <Filter>Header Files</Filter>
    </ClInclude>
    <ClInclude Include="E:\MU\OgreMain\include\OgreMesh.h">
      <Filter>Header Files</Filter>
    </ClInclude>
    <ClInclude Include="E:\MU\OgreMain\include\OgreMeshFileFormat.h">
      <Filter>Header Files</Filter>
    </ClInclude>
    <ClInclude Include="E:\MU\OgreMain\include\OgreMeshManager.h">
      <Filter>Header Files</Filter>
    </ClInclude>
    <ClInclude Include="E:\MU\OgreMain\include\OgreMeshSerializer.h">
      <Filter>Header Files</Filter>
    </ClInclude>
    <ClInclude Include="E:\MU\OgreMain\include\OgreMeshSerializerImpl.h">
      <Filter>Header Files</Filter>
    </ClInclude>
    <ClInclude Include="E:\MU\OgreMain\include\OgreMovableObject.h">
      <Filter>Header Files</Filter>
    </ClInclude>
    <ClInclude Include="E:\MU\OgreMain\include\OgreMovablePlane.h">
      <Filter>Header Files</Filter>
    </ClInclude>
    <ClInclude Include="E:\MU\OgreMain\include\OgreNameGenerator.h">
      <Filter>Header Files</Filter>
    </ClInclude>
    <ClInclude Include="E:\MU\OgreMain\include\OgreNode.h">
      <Filter>Header Files</Filter>
    </ClInclude>
    <ClInclude Include="E:\MU\OgreMain\include\OgreNumerics.h">
      <Filter>Header Files</Filter>
    </ClInclude>
    <ClInclude Include="E:\MU\OgreMain\include\OgreOptimisedUtil.h">
      <Filter>Header Files</Filter>
    </ClInclude>
    <ClInclude Include="E:\MU\OgreMain\include\OgreParticle.h">
      <Filter>Header Files</Filter>
    </ClInclude>
    <ClInclude Include="E:\MU\OgreMain\include\OgreParticleAffector.h">
      <Filter>Header Files</Filter>
    </ClInclude>
    <ClInclude Include="E:\MU\OgreMain\include\OgreParticleAffectorFactory.h">
      <Filter>Header Files</Filter>
    </ClInclude>
    <ClInclude Include="E:\MU\OgreMain\include\OgreParticleEmitter.h">
      <Filter>Header Files</Filter>
    </ClInclude>
    <ClInclude Include="E:\MU\OgreMain\include\OgreParticleEmitterCommands.h">
      <Filter>Header Files</Filter>
    </ClInclude>
    <ClInclude Include="E:\MU\OgreMain\include\OgreParticleEmitterFactory.h">
      <Filter>Header Files</Filter>
    </ClInclude>
    <ClInclude Include="E:\MU\OgreMain\include\OgreParticleIterator.h">
      <Filter>Header Files</Filter>
    </ClInclude>
    <ClInclude Include="E:\MU\OgreMain\include\OgreParticleSystem.h">
      <Filter>Header Files</Filter>
    </ClInclude>
    <ClInclude Include="E:\MU\OgreMain\include\OgreParticleSystemManager.h">
      <Filter>Header Files</Filter>
    </ClInclude>
    <ClInclude Include="E:\MU\OgreMain\include\OgreParticleSystemRenderer.h">
      <Filter>Header Files</Filter>
    </ClInclude>
    <ClInclude Include="E:\MU\OgreMain\include\OgrePass.h">
      <Filter>Header Files</Filter>
    </ClInclude>
    <ClInclude Include="E:\MU\OgreMain\include\OgrePatchMesh.h">
      <Filter>Header Files</Filter>
    </ClInclude>
    <ClInclude Include="E:\MU\OgreMain\include\OgrePatchSurface.h">
      <Filter>Header Files</Filter>
    </ClInclude>
    <ClInclude Include="E:\MU\OgreMain\include\OgrePixelCountLodStrategy.h">
      <Filter>Header Files</Filter>
    </ClInclude>
    <ClInclude Include="E:\MU\OgreMain\include\OgrePixelFormat.h">
      <Filter>Header Files</Filter>
    </ClInclude>
    <ClInclude Include="E:\MU\OgreMain\include\OgrePixelFormatDescriptions.h">
      <Filter>Header Files</Filter>
    </ClInclude>
    <ClInclude Include="E:\MU\OgreMain\include\OgrePlane.h">
      <Filter>Header Files</Filter>
    </ClInclude>
    <ClInclude Include="E:\MU\OgreMain\include\OgrePlaneBoundedVolume.h">
      <Filter>Header Files</Filter>
    </ClInclude>
    <ClInclude Include="E:\MU\OgreMain\include\OgrePlatform.h">
      <Filter>Header Files</Filter>
    </ClInclude>
    <ClInclude Include="E:\MU\OgreMain\include\OgrePlatformInformation.h">
      <Filter>Header Files</Filter>
    </ClInclude>
    <ClInclude Include="E:\MU\OgreMain\include\OgrePlugin.h">
      <Filter>Header Files</Filter>
    </ClInclude>
    <ClInclude Include="E:\MU\OgreMain\include\OgrePolygon.h">
      <Filter>Header Files</Filter>
    </ClInclude>
    <ClInclude Include="E:\MU\OgreMain\include\OgrePose.h">
      <Filter>Header Files</Filter>
    </ClInclude>
    <ClInclude Include="E:\MU\OgreMain\include\OgrePredefinedControllers.h">
      <Filter>Header Files</Filter>
    </ClInclude>
    <ClInclude Include="E:\MU\OgreMain\include\OgrePrefabFactory.h">
      <Filter>Header Files</Filter>
    </ClInclude>
    <ClInclude Include="E:\MU\OgreMain\include\OgrePrerequisites.h">
      <Filter>Header Files</Filter>
    </ClInclude>
    <ClInclude Include="E:\MU\OgreMain\include\OgreProfiler.h">
      <Filter>Header Files</Filter>
    </ClInclude>
    <ClInclude Include="E:\MU\OgreMain\include\OgreQuaternion.h">
      <Filter>Header Files</Filter>
    </ClInclude>
    <ClInclude Include="E:\MU\OgreMain\include\OgreRadixSort.h">
      <Filter>Header Files</Filter>
    </ClInclude>
    <ClInclude Include="E:\MU\OgreMain\include\OgreRay.h">
      <Filter>Header Files</Filter>
    </ClInclude>
    <ClInclude Include="E:\MU\OgreMain\include\OgreRectangle2D.h">
      <Filter>Header Files</Filter>
    </ClInclude>
    <ClInclude Include="E:\MU\OgreMain\include\OgreRenderable.h">
      <Filter>Header Files</Filter>
    </ClInclude>
    <ClInclude Include="E:\MU\OgreMain\include\OgreRenderObjectListener.h">
      <Filter>Header Files</Filter>
    </ClInclude>
    <ClInclude Include="E:\MU\OgreMain\include\OgreRenderOperation.h">
      <Filter>Header Files</Filter>
    </ClInclude>
    <ClInclude Include="E:\MU\OgreMain\include\OgreRenderQueue.h">
      <Filter>Header Files</Filter>
    </ClInclude>
    <ClInclude Include="E:\MU\OgreMain\include\OgreRenderQueueInvocation.h">
      <Filter>Header Files</Filter>
    </ClInclude>
    <ClInclude Include="E:\MU\OgreMain\include\OgreRenderQueueListener.h">
      <Filter>Header Files</Filter>
    </ClInclude>
    <ClInclude Include="E:\MU\OgreMain\include\OgreRenderQueueSortingGrouping.h">
      <Filter>Header Files</Filter>
    </ClInclude>
    <ClInclude Include="E:\MU\OgreMain\include\OgreRenderSystem.h">
      <Filter>Header Files</Filter>
    </ClInclude>
    <ClInclude Include="E:\MU\OgreMain\include\OgreRenderSystemCapabilities.h">
      <Filter>Header Files</Filter>
    </ClInclude>
    <ClInclude Include="E:\MU\OgreMain\include\OgreRenderSystemCapabilitiesManager.h">
      <Filter>Header Files</Filter>
    </ClInclude>
    <ClInclude Include="E:\MU\OgreMain\include\OgreRenderSystemCapabilitiesSerializer.h">
      <Filter>Header Files</Filter>
    </ClInclude>
    <ClInclude Include="E:\MU\OgreMain\include\OgreRenderTarget.h">
      <Filter>Header Files</Filter>
    </ClInclude>
    <ClInclude Include="E:\MU\OgreMain\include\OgreRenderTargetListener.h">
      <Filter>Header Files</Filter>
    </ClInclude>
    <ClInclude Include="E:\MU\OgreMain\include\OgreRenderTexture.h">
      <Filter>Header Files</Filter>
    </ClInclude>
    <ClInclude Include="E:\MU\OgreMain\include\OgreRenderToVertexBuffer.h">
      <Filter>Header Files</Filter>
    </ClInclude>
    <ClInclude Include="E:\MU\OgreMain\include\OgreRenderWindow.h">
      <Filter>Header Files</Filter>
    </ClInclude>
    <ClInclude Include="E:\MU\OgreMain\include\OgreResource.h">
      <Filter>Header Files</Filter>
    </ClInclude>
    <ClInclude Include="E:\MU\OgreMain\include\OgreResourceBackgroundQueue.h">
      <Filter>Header Files</Filter>
    </ClInclude>
    <ClInclude Include="E:\MU\OgreMain\include\OgreResourceGroupManager.h">
      <Filter>Header Files</Filter>
    </ClInclude>
    <ClInclude Include="E:\MU\OgreMain\include\OgreResourceManager.h">
      <Filter>Header Files</Filter>
    </ClInclude>
    <ClInclude Include="E:\MU\OgreMain\include\OgreRibbonTrail.h">
      <Filter>Header Files</Filter>
    </ClInclude>
    <ClInclude Include="E:\MU\OgreMain\include\OgreRoot.h">
      <Filter>Header Files</Filter>
    </ClInclude>
    <ClInclude Include="E:\MU\OgreMain\include\OgreRotationalSpline.h">
      <Filter>Header Files</Filter>
    </ClInclude>
    <ClInclude Include="E:\MU\OgreMain\include\OgreSceneManager.h">
      <Filter>Header Files</Filter>
    </ClInclude>
    <ClInclude Include="E:\MU\OgreMain\include\OgreSceneManagerEnumerator.h">
      <Filter>Header Files</Filter>
    </ClInclude>
    <ClInclude Include="E:\MU\OgreMain\include\OgreSceneNode.h">
      <Filter>Header Files</Filter>
    </ClInclude>
    <ClInclude Include="E:\MU\OgreMain\include\OgreSceneQuery.h">
      <Filter>Header Files</Filter>
    </ClInclude>
    <ClInclude Include="E:\MU\OgreMain\include\OgreScriptCompiler.h">
      <Filter>Header Files</Filter>
    </ClInclude>
    <ClInclude Include="E:\MU\OgreMain\include\OgreScriptLexer.h">
      <Filter>Header Files</Filter>
    </ClInclude>
    <ClInclude Include="E:\MU\OgreMain\include\OgreScriptLoader.h">
      <Filter>Header Files</Filter>
    </ClInclude>
    <ClInclude Include="E:\MU\OgreMain\include\OgreScriptParser.h">
      <Filter>Header Files</Filter>
    </ClInclude>
    <ClInclude Include="E:\MU\OgreMain\include\OgreScriptTranslator.h">
      <Filter>Header Files</Filter>
    </ClInclude>
    <ClInclude Include="E:\MU\OgreMain\include\OgreSearchOps.h">
      <Filter>Header Files</Filter>
    </ClInclude>
    <ClInclude Include="E:\MU\OgreMain\include\OgreSerializer.h">
      <Filter>Header Files</Filter>
    </ClInclude>
    <ClInclude Include="E:\MU\OgreMain\include\OgreShadowCameraSetup.h">
      <Filter>Header Files</Filter>
    </ClInclude>
    <ClInclude Include="E:\MU\OgreMain\include\OgreShadowCameraSetupFocused.h">
      <Filter>Header Files</Filter>
    </ClInclude>
    <ClInclude Include="E:\MU\OgreMain\include\OgreShadowCameraSetupLiSPSM.h">
      <Filter>Header Files</Filter>
    </ClInclude>
    <ClInclude Include="E:\MU\OgreMain\include\OgreShadowCameraSetupPlaneOptimal.h">
      <Filter>Header Files</Filter>
    </ClInclude>
    <ClInclude Include="E:\MU\OgreMain\include\OgreShadowCameraSetupPSSM.h">
      <Filter>Header Files</Filter>
    </ClInclude>
    <ClInclude Include="E:\MU\OgreMain\include\OgreShadowCaster.h">
      <Filter>Header Files</Filter>
    </ClInclude>
    <ClInclude Include="E:\MU\OgreMain\include\OgreShadowTextureManager.h">
      <Filter>Header Files</Filter>
    </ClInclude>
    <ClInclude Include="E:\MU\OgreMain\include\OgreShadowVolumeExtrudeProgram.h">
      <Filter>Header Files</Filter>
    </ClInclude>
    <ClInclude Include="E:\MU\OgreMain\include\OgreSharedPtr.h">
      <Filter>Header Files</Filter>
    </ClInclude>
    <ClInclude Include="E:\MU\OgreMain\include\OgreSimpleRenderable.h">
      <Filter>Header Files</Filter>
    </ClInclude>
    <ClInclude Include="E:\MU\OgreMain\include\OgreSimpleSpline.h">
      <Filter>Header Files</Filter>
    </ClInclude>
    <ClInclude Include="E:\MU\OgreMain\include\OgreSingleton.h">
      <Filter>Header Files</Filter>
    </ClInclude>
    <ClInclude Include="E:\MU\OgreMain\include\OgreSkeleton.h">
      <Filter>Header Files</Filter>
    </ClInclude>
    <ClInclude Include="E:\MU\OgreMain\include\OgreSkeletonFileFormat.h">
      <Filter>Header Files</Filter>
    </ClInclude>
    <ClInclude Include="E:\MU\OgreMain\include\OgreSkeletonInstance.h">
      <Filter>Header Files</Filter>
    </ClInclude>
    <ClInclude Include="E:\MU\OgreMain\include\OgreSkeletonManager.h">
      <Filter>Header Files</Filter>
    </ClInclude>
    <ClInclude Include="E:\MU\OgreMain\include\OgreSkeletonSerializer.h">
      <Filter>Header Files</Filter>
    </ClInclude>
    <ClInclude Include="E:\MU\OgreMain\include\OgreSphere.h">
      <Filter>Header Files</Filter>
    </ClInclude>
    <ClInclude Include="E:\MU\OgreMain\include\OgreSpotShadowFadePng.h">
      <Filter>Header Files</Filter>
    </ClInclude>
    <ClInclude Include="E:\MU\OgreMain\include\OgreStableHeaders.h">
      <Filter>Header Files</Filter>
    </ClInclude>
    <ClInclude Include="E:\MU\OgreMain\include\OgreStaticFaceGroup.h">
      <Filter>Header Files</Filter>
    </ClInclude>
    <ClInclude Include="E:\MU\OgreMain\include\OgreStaticGeometry.h">
      <Filter>Header Files</Filter>
    </ClInclude>
    <ClInclude Include="E:\MU\OgreMain\include\OgreStdHeaders.h">
      <Filter>Header Files</Filter>
    </ClInclude>
    <ClInclude Include="E:\MU\OgreMain\include\OgreStreamSerialiser.h">
      <Filter>Header Files</Filter>
    </ClInclude>
    <ClInclude Include="E:\MU\OgreMain\include\OgreString.h">
      <Filter>Header Files</Filter>
    </ClInclude>
    <ClInclude Include="E:\MU\OgreMain\include\OgreStringConverter.h">
      <Filter>Header Files</Filter>
    </ClInclude>
    <ClInclude Include="E:\MU\OgreMain\include\OgreStringInterface.h">
      <Filter>Header Files</Filter>
    </ClInclude>
    <ClInclude Include="E:\MU\OgreMain\include\OgreStringVector.h">
      <Filter>Header Files</Filter>
    </ClInclude>
    <ClInclude Include="E:\MU\OgreMain\include\OgreSubEntity.h">
      <Filter>Header Files</Filter>
    </ClInclude>
    <ClInclude Include="E:\MU\OgreMain\include\OgreSubMesh.h">
      <Filter>Header Files</Filter>
    </ClInclude>
    <ClInclude Include="E:\MU\OgreMain\include\OgreTagPoint.h">
      <Filter>Header Files</Filter>
    </ClInclude>
    <ClInclude Include="E:\MU\OgreMain\include\OgreTangentSpaceCalc.h">
      <Filter>Header Files</Filter>
    </ClInclude>
    <ClInclude Include="E:\MU\OgreMain\include\OgreTechnique.h">
      <Filter>Header Files</Filter>
    </ClInclude>
    <ClInclude Include="E:\MU\OgreMain\include\OgreTexture.h">
      <Filter>Header Files</Filter>
    </ClInclude>
    <ClInclude Include="E:\MU\OgreMain\include\OgreTextureManager.h">
      <Filter>Header Files</Filter>
    </ClInclude>
    <ClInclude Include="E:\MU\OgreMain\include\OgreTextureUnitState.h">
      <Filter>Header Files</Filter>
    </ClInclude>
    <ClInclude Include="E:\MU\OgreMain\include\OgreTimer.h">
      <Filter>Header Files</Filter>
    </ClInclude>
    <ClInclude Include="E:\MU\OgreMain\include\OgreUnifiedHighLevelGpuProgram.h">
      <Filter>Header Files</Filter>
    </ClInclude>
    <ClInclude Include="E:\MU\OgreMain\include\OgreUserObjectBindings.h">
      <Filter>Header Files</Filter>
    </ClInclude>
    <ClInclude Include="E:\MU\OgreMain\include\OgreUTFString.h">
      <Filter>Header Files</Filter>
    </ClInclude>
    <ClInclude Include="E:\MU\OgreMain\include\OgreVector2.h">
      <Filter>Header Files</Filter>
    </ClInclude>
    <ClInclude Include="E:\MU\OgreMain\include\OgreVector3.h">
      <Filter>Header Files</Filter>
    </ClInclude>
    <ClInclude Include="E:\MU\OgreMain\include\OgreVector4.h">
      <Filter>Header Files</Filter>
    </ClInclude>
    <ClInclude Include="E:\MU\OgreMain\include\OgreVertexBoneAssignment.h">
      <Filter>Header Files</Filter>
    </ClInclude>
    <ClInclude Include="E:\MU\OgreMain\include\OgreVertexIndexData.h">
      <Filter>Header Files</Filter>
    </ClInclude>
    <ClInclude Include="E:\MU\OgreMain\include\OgreViewport.h">
      <Filter>Header Files</Filter>
    </ClInclude>
    <ClInclude Include="E:\MU\OgreMain\include\OgreWindowEventUtilities.h">
      <Filter>Header Files</Filter>
    </ClInclude>
    <ClInclude Include="E:\MU\OgreMain\include\OgreWireBoundingBox.h">
      <Filter>Header Files</Filter>
    </ClInclude>
    <ClInclude Include="E:\MU\OgreMain\include\OgreWorkQueue.h">
      <Filter>Header Files</Filter>
    </ClInclude>
    <ClInclude Include="..\include\OgreBuildSettings.h">
      <Filter>Header Files</Filter>
    </ClInclude>
    <ClInclude Include="E:\MU\OgreMain\src\OgreImageResampler.h">
      <Filter>Header Files</Filter>
    </ClInclude>
    <ClInclude Include="E:\MU\OgreMain\src\OgrePixelConversions.h">
      <Filter>Header Files</Filter>
    </ClInclude>
    <ClInclude Include="E:\MU\OgreMain\src\OgreSIMDHelper.h">
      <Filter>Header Files</Filter>
    </ClInclude>
    <ClInclude Include="E:\MU\OgreMain\include\Threading\OgreDefaultWorkQueue.h">
      <Filter>Header Files</Filter>
    </ClInclude>
    <ClInclude Include="E:\MU\OgreMain\include\Threading\OgreDefaultWorkQueueStandard.h">
      <Filter>Header Files</Filter>
    </ClInclude>
    <ClInclude Include="E:\MU\OgreMain\include\Threading\OgreDefaultWorkQueueTBB.h">
      <Filter>Header Files</Filter>
    </ClInclude>
    <ClInclude Include="E:\MU\OgreMain\include\Threading\OgreThreadDefines.h">
      <Filter>Header Files</Filter>
    </ClInclude>
    <ClInclude Include="E:\MU\OgreMain\include\Threading\OgreThreadDefinesBoost.h">
      <Filter>Header Files</Filter>
    </ClInclude>
    <ClInclude Include="E:\MU\OgreMain\include\Threading\OgreThreadDefinesNone.h">
      <Filter>Header Files</Filter>
    </ClInclude>
    <ClInclude Include="E:\MU\OgreMain\include\Threading\OgreThreadDefinesPoco.h">
      <Filter>Header Files</Filter>
    </ClInclude>
    <ClInclude Include="E:\MU\OgreMain\include\Threading\OgreThreadDefinesTBB.h">
      <Filter>Header Files</Filter>
    </ClInclude>
    <ClInclude Include="E:\MU\OgreMain\include\Threading\OgreThreadHeaders.h">
      <Filter>Header Files</Filter>
    </ClInclude>
    <ClInclude Include="E:\MU\OgreMain\include\Threading\OgreThreadHeadersBoost.h">
      <Filter>Header Files</Filter>
    </ClInclude>
    <ClInclude Include="E:\MU\OgreMain\include\Threading\OgreThreadHeadersPoco.h">
      <Filter>Header Files</Filter>
    </ClInclude>
    <ClInclude Include="E:\MU\OgreMain\include\Threading\OgreThreadHeadersTBB.h">
      <Filter>Header Files</Filter>
    </ClInclude>
    <ClInclude Include="E:\MU\OgreMain\include\OgreFreeImageCodec.h">
      <Filter>Header Files</Filter>
    </ClInclude>
    <ClInclude Include="E:\MU\OgreMain\include\OgreDDSCodec.h">
      <Filter>Header Files</Filter>
    </ClInclude>
    <ClInclude Include="E:\MU\OgreMain\include\OgreZip.h">
      <Filter>Header Files</Filter>
    </ClInclude>
    <ClInclude Include="E:\MU\OgreMain\include\WIN32\OgreConfigDialogImp.h">
      <Filter>Header Files</Filter>
    </ClInclude>
    <ClInclude Include="E:\MU\OgreMain\include\WIN32\OgreErrorDialogImp.h">
      <Filter>Header Files</Filter>
    </ClInclude>
    <ClInclude Include="E:\MU\OgreMain\include\WIN32\OgreTimerImp.h">
      <Filter>Header Files</Filter>
    </ClInclude>
    <ClInclude Include="E:\MU\OgreMain\include\WIN32\OgreMinGWSupport.h">
      <Filter>Header Files</Filter>
    </ClInclude>
    <ClInclude Include="E:\MU\OgreMain\src\WIN32\resource.h">
      <Filter>Resources</Filter>
    </ClInclude>
    <ClInclude Include="E:\MU\OgreMain\src\WIN32\winres.h">
      <Filter>Resources</Filter>
    </ClInclude>
  </ItemGroup>
  <ItemGroup>
    <Filter Include="Source Files">
      <UniqueIdentifier>{6A96A55C-6DCE-4482-AB7D-07B2CB0AA233}</UniqueIdentifier>
    </Filter>
    <Filter Include="Header Files">
      <UniqueIdentifier>{9DAB5ED0-10E4-425C-856F-209CDD767254}</UniqueIdentifier>
    </Filter>
    <Filter Include="Resources">
      <UniqueIdentifier>{B5FF6F85-A1CF-4A4D-83BF-090843EF4EB6}</UniqueIdentifier>
    </Filter>
  </ItemGroup>
  <ItemGroup>
    <None Include="src\ogremain.map" />
  </ItemGroup>
  <ItemGroup>
    <ResourceCompile Include="..\..\SourceTree\ogre\OgreMain\src\WIN32\OgreWin32Resources.rc">
      <Filter>Resources</Filter>
    </ResourceCompile>
  </ItemGroup>
</Project>